
Microsoft Visual Studio Solution File, Format Version 11.00
# Visual C# Express 2010
Project("{FAE04EC0-301F-11D3-BF4B-00C04F79EFBC}") = "1. PrintingHelloCSharp", "1. PrintingHelloCSharp\1. PrintingHelloCSharp.csproj", "{3DF2EB70-A4AC-4C5F-9217-AC4AA8E1DE2C}"
EndProject
Project("{FAE04EC0-301F-11D3-BF4B-00C04F79EFBC}") = "2. PrintingGoodDay", "2. PrintingGoodDay\2. PrintingGoodDay.csproj", "{189CFFE7-43CD-46FA-A9B5-03AC4EC3FBA1}"
EndProject
Project("{FAE04EC0-301F-11D3-BF4B-00C04F79EFBC}") = "3. PrintingMyName", "3. PrintingMyName\3. PrintingMyName.csproj", "{92F866E6-F446-49CF-89F8-7B0AA7F37250}"
EndProject
Project("{FAE04EC0-301F-11D3-BF4B-00C04F79EFBC}") = "4. PrinitnNumbersOnScreen", "4. PrinitnNumbersOnScreen\4. PrinitnNumbersOnScreen.csproj", "{B0D10D82-FA99-4AD4-9013-FEF4C7713182}"
EndProject
Project("{FAE04EC0-301F-11D3-BF4B-00C04F79EFBC}") = "5. PrintingCurrentDateAndTime", "5. PrintingCurrentDateAndTime\5. PrintingCurrentDateAndTime.csproj", "{98E159F4-B247-45E3-9792-EDC9DD8734FC}"
EndProject
Project("{FAE04EC0-301F-11D3-BF4B-00C04F79EFBC}") = "6. PrintingSquareRootValue", "6. PrintingSquareRootValue\6. PrintingSquareRootValue.csproj", "{5E8A2CFF-A526-4279-BADD-F9995DF27047}"
EndProject
Project("{FAE04EC0-301F-11D3-BF4B-00C04F79EFBC}") = "7. PrintingSeriesOnScreen", "7. PrintingSeriesOnScreen\7. PrintingSeriesOnScreen.csproj", "{0039EB12-7503-4629-BF13-B259B6E84AE1}"
EndProject
Project("{FAE04EC0-301F-11D3-BF4B-00C04F79EFBC}") = "8. CalculatingAgeDifference", "8. CalculatingAgeDifference\8. CalculatingAgeDifference.csproj", "{EB4A3859-A773-4013-8267-C8546A81E324}"
EndProject
Global
	GlobalSection(SolutionConfigurationPlatforms) = preSolution
		Debug|x86 = Debug|x86
		Release|x86 = Release|x86
	EndGlobalSection
	GlobalSection(ProjectConfigurationPlatforms) = postSolution
		{3DF2EB70-A4AC-4C5F-9217-AC4AA8E1DE2C}.Debug|x86.ActiveCfg = Debug|x86
		{3DF2EB70-A4AC-4C5F-9217-AC4AA8E1DE2C}.Debug|x86.Build.0 = Debug|x86
		{3DF2EB70-A4AC-4C5F-9217-AC4AA8E1DE2C}.Release|x86.ActiveCfg = Release|x86
		{3DF2EB70-A4AC-4C5F-9217-AC4AA8E1DE2C}.Release|x86.Build.0 = Release|x86
		{189CFFE7-43CD-46FA-A9B5-03AC4EC3FBA1}.Debug|x86.ActiveCfg = Debug|x86
		{189CFFE7-43CD-46FA-A9B5-03AC4EC3FBA1}.Debug|x86.Build.0 = Debug|x86
		{189CFFE7-43CD-46FA-A9B5-03AC4EC3FBA1}.Release|x86.ActiveCfg = Release|x86
		{189CFFE7-43CD-46FA-A9B5-03AC4EC3FBA1}.Release|x86.Build.0 = Release|x86
		{92F866E6-F446-49CF-89F8-7B0AA7F37250}.Debug|x86.ActiveCfg = Debug|x86
		{92F866E6-F446-49CF-89F8-7B0AA7F37250}.Debug|x86.Build.0 = Debug|x86
		{92F866E6-F446-49CF-89F8-7B0AA7F37250}.Release|x86.ActiveCfg = Release|x86
		{92F866E6-F446-49CF-89F8-7B0AA7F37250}.Release|x86.Build.0 = Release|x86
		{B0D10D82-FA99-4AD4-9013-FEF4C7713182}.Debug|x86.ActiveCfg = Debug|x86
		{B0D10D82-FA99-4AD4-9013-FEF4C7713182}.Debug|x86.Build.0 = Debug|x86
		{B0D10D82-FA99-4AD4-9013-FEF4C7713182}.Release|x86.ActiveCfg = Release|x86
		{B0D10D82-FA99-4AD4-9013-FEF4C7713182}.Release|x86.Build.0 = Release|x86
		{98E159F4-B247-45E3-9792-EDC9DD8734FC}.Debug|x86.ActiveCfg = Debug|x86
		{98E159F4-B247-45E3-9792-EDC9DD8734FC}.Debug|x86.Build.0 = Debug|x86
		{98E159F4-B247-45E3-9792-EDC9DD8734FC}.Release|x86.ActiveCfg = Release|x86
		{98E159F4-B247-45E3-9792-EDC9DD8734FC}.Release|x86.Build.0 = Release|x86
		{5E8A2CFF-A526-4279-BADD-F9995DF27047}.Debug|x86.ActiveCfg = Debug|x86
		{5E8A2CFF-A526-4279-BADD-F9995DF27047}.Debug|x86.Build.0 = Debug|x86
		{5E8A2CFF-A526-4279-BADD-F9995DF27047}.Release|x86.ActiveCfg = Release|x86
		{5E8A2CFF-A526-4279-BADD-F9995DF27047}.Release|x86.Build.0 = Release|x86
		{0039EB12-7503-4629-BF13-B259B6E84AE1}.Debug|x86.ActiveCfg = Debug|x86
		{0039EB12-7503-4629-BF13-B259B6E84AE1}.Debug|x86.Build.0 = Debug|x86
		{0039EB12-7503-4629-BF13-B259B6E84AE1}.Release|x86.ActiveCfg = Release|x86
		{0039EB12-7503-4629-BF13-B259B6E84AE1}.Release|x86.Build.0 = Release|x86
		{EB4A3859-A773-4013-8267-C8546A81E324}.Debug|x86.ActiveCfg = Debug|x86
		{EB4A3859-A773-4013-8267-C8546A81E324}.Debug|x86.Build.0 = Debug|x86
		{EB4A3859-A773-4013-8267-C8546A81E324}.Release|x86.ActiveCfg = Release|x86
		{EB4A3859-A773-4013-8267-C8546A81E324}.Release|x86.Build.0 = Release|x86
	EndGlobalSection
	GlobalSection(SolutionProperties) = preSolution
		HideSolutionNode = FALSE
	EndGlobalSection
EndGlobal
