
Microsoft Visual Studio Solution File, Format Version 12.00
# Visual Studio 2012
Project("{FAE04EC0-301F-11D3-BF4B-00C04F79EFBC}") = "01.ReadingFileAndPrintingOnlyOddLines", "01.ReadingFileAndPrintingOnlyOddLines\01.ReadingFileAndPrintingOnlyOddLines.csproj", "{C90469C3-56C1-4B3F-9062-AC8F838CFFC5}"
EndProject
Project("{FAE04EC0-301F-11D3-BF4B-00C04F79EFBC}") = "02.ConcatenationOfTwoFiles", "02.ConcatenationOfTwoFiles\02.ConcatenationOfTwoFiles.csproj", "{C0253157-360C-47AA-A725-EC5156916F7F}"
EndProject
Project("{FAE04EC0-301F-11D3-BF4B-00C04F79EFBC}") = "03. InsertingLineNumber", "03. InsertingLineNumber\03. InsertingLineNumber.csproj", "{5567794A-1B4F-450A-A219-D6384BE95C80}"
EndProject
Project("{FAE04EC0-301F-11D3-BF4B-00C04F79EFBC}") = "04.ComparingTwoTextFiles", "04.ComparingTwoTextFiles\04.ComparingTwoTextFiles.csproj", "{122689D8-15C5-4D76-98CB-A68EDE576B80}"
EndProject
Project("{FAE04EC0-301F-11D3-BF4B-00C04F79EFBC}") = "05.ReadingSquareMatrix", "05.ReadingSquareMatrix\05.ReadingSquareMatrix.csproj", "{7B406C0F-0EA7-4FAC-A723-7E635D218AFC}"
EndProject
Project("{FAE04EC0-301F-11D3-BF4B-00C04F79EFBC}") = "06.SortingListInTextFile", "06.SortingListInTextFile\06.SortingListInTextFile.csproj", "{8C2AF628-8B77-49D9-8C0E-4F2D3807F3CF}"
EndProject
Project("{FAE04EC0-301F-11D3-BF4B-00C04F79EFBC}") = "07.ReplacingSubstrings", "07.ReplacingSubstrings\07.ReplacingSubstrings.csproj", "{4CBC9893-05C4-4AC2-8D70-A04075A0C924}"
EndProject
Project("{FAE04EC0-301F-11D3-BF4B-00C04F79EFBC}") = "08.ReplacingWholeWords", "08.ReplacingWholeWords\08.ReplacingWholeWords.csproj", "{399B7A33-F65D-4B23-B8E4-745309A84A30}"
EndProject
Project("{FAE04EC0-301F-11D3-BF4B-00C04F79EFBC}") = "09.DeletingOddLines", "09.DeletingOddLines\09.DeletingOddLines.csproj", "{310CA66F-5D2E-4FAE-8AC0-7C626877F47C}"
EndProject
Project("{FAE04EC0-301F-11D3-BF4B-00C04F79EFBC}") = "10.ExtractTextFromXML", "10.ExtractTextFromXML\10.ExtractTextFromXML.csproj", "{2AD577A5-2241-4405-945D-6A89DDCC55BE}"
EndProject
Project("{FAE04EC0-301F-11D3-BF4B-00C04F79EFBC}") = "11. RemovingTestWordsFromFile", "11. RemovingWordsFromFile\11. RemovingTestWordsFromFile.csproj", "{F487AAF0-71A4-4837-8BE2-AE0D7158FA69}"
EndProject
Project("{FAE04EC0-301F-11D3-BF4B-00C04F79EFBC}") = "12.RemovingListedWordsFromFile", "12.RemovingListedWordsFromFile\12.RemovingListedWordsFromFile.csproj", "{6B264A96-F5C2-4D45-AD96-DB15A2F330E8}"
EndProject
Project("{FAE04EC0-301F-11D3-BF4B-00C04F79EFBC}") = "13.CountingWordsFromList", "13.CountingWordsFromList\13.CountingWordsFromList.csproj", "{B522A20E-9120-48B2-87F5-75D032090624}"
EndProject
Global
	GlobalSection(SolutionConfigurationPlatforms) = preSolution
		Debug|Any CPU = Debug|Any CPU
		Release|Any CPU = Release|Any CPU
	EndGlobalSection
	GlobalSection(ProjectConfigurationPlatforms) = postSolution
		{C90469C3-56C1-4B3F-9062-AC8F838CFFC5}.Debug|Any CPU.ActiveCfg = Debug|Any CPU
		{C90469C3-56C1-4B3F-9062-AC8F838CFFC5}.Debug|Any CPU.Build.0 = Debug|Any CPU
		{C90469C3-56C1-4B3F-9062-AC8F838CFFC5}.Release|Any CPU.ActiveCfg = Release|Any CPU
		{C90469C3-56C1-4B3F-9062-AC8F838CFFC5}.Release|Any CPU.Build.0 = Release|Any CPU
		{C0253157-360C-47AA-A725-EC5156916F7F}.Debug|Any CPU.ActiveCfg = Debug|Any CPU
		{C0253157-360C-47AA-A725-EC5156916F7F}.Debug|Any CPU.Build.0 = Debug|Any CPU
		{C0253157-360C-47AA-A725-EC5156916F7F}.Release|Any CPU.ActiveCfg = Release|Any CPU
		{C0253157-360C-47AA-A725-EC5156916F7F}.Release|Any CPU.Build.0 = Release|Any CPU
		{5567794A-1B4F-450A-A219-D6384BE95C80}.Debug|Any CPU.ActiveCfg = Debug|Any CPU
		{5567794A-1B4F-450A-A219-D6384BE95C80}.Debug|Any CPU.Build.0 = Debug|Any CPU
		{5567794A-1B4F-450A-A219-D6384BE95C80}.Release|Any CPU.ActiveCfg = Release|Any CPU
		{5567794A-1B4F-450A-A219-D6384BE95C80}.Release|Any CPU.Build.0 = Release|Any CPU
		{122689D8-15C5-4D76-98CB-A68EDE576B80}.Debug|Any CPU.ActiveCfg = Debug|Any CPU
		{122689D8-15C5-4D76-98CB-A68EDE576B80}.Debug|Any CPU.Build.0 = Debug|Any CPU
		{122689D8-15C5-4D76-98CB-A68EDE576B80}.Release|Any CPU.ActiveCfg = Release|Any CPU
		{122689D8-15C5-4D76-98CB-A68EDE576B80}.Release|Any CPU.Build.0 = Release|Any CPU
		{7B406C0F-0EA7-4FAC-A723-7E635D218AFC}.Debug|Any CPU.ActiveCfg = Debug|Any CPU
		{7B406C0F-0EA7-4FAC-A723-7E635D218AFC}.Debug|Any CPU.Build.0 = Debug|Any CPU
		{7B406C0F-0EA7-4FAC-A723-7E635D218AFC}.Release|Any CPU.ActiveCfg = Release|Any CPU
		{7B406C0F-0EA7-4FAC-A723-7E635D218AFC}.Release|Any CPU.Build.0 = Release|Any CPU
		{8C2AF628-8B77-49D9-8C0E-4F2D3807F3CF}.Debug|Any CPU.ActiveCfg = Debug|Any CPU
		{8C2AF628-8B77-49D9-8C0E-4F2D3807F3CF}.Debug|Any CPU.Build.0 = Debug|Any CPU
		{8C2AF628-8B77-49D9-8C0E-4F2D3807F3CF}.Release|Any CPU.ActiveCfg = Release|Any CPU
		{8C2AF628-8B77-49D9-8C0E-4F2D3807F3CF}.Release|Any CPU.Build.0 = Release|Any CPU
		{4CBC9893-05C4-4AC2-8D70-A04075A0C924}.Debug|Any CPU.ActiveCfg = Debug|Any CPU
		{4CBC9893-05C4-4AC2-8D70-A04075A0C924}.Debug|Any CPU.Build.0 = Debug|Any CPU
		{4CBC9893-05C4-4AC2-8D70-A04075A0C924}.Release|Any CPU.ActiveCfg = Release|Any CPU
		{4CBC9893-05C4-4AC2-8D70-A04075A0C924}.Release|Any CPU.Build.0 = Release|Any CPU
		{399B7A33-F65D-4B23-B8E4-745309A84A30}.Debug|Any CPU.ActiveCfg = Debug|Any CPU
		{399B7A33-F65D-4B23-B8E4-745309A84A30}.Debug|Any CPU.Build.0 = Debug|Any CPU
		{399B7A33-F65D-4B23-B8E4-745309A84A30}.Release|Any CPU.ActiveCfg = Release|Any CPU
		{399B7A33-F65D-4B23-B8E4-745309A84A30}.Release|Any CPU.Build.0 = Release|Any CPU
		{310CA66F-5D2E-4FAE-8AC0-7C626877F47C}.Debug|Any CPU.ActiveCfg = Debug|Any CPU
		{310CA66F-5D2E-4FAE-8AC0-7C626877F47C}.Debug|Any CPU.Build.0 = Debug|Any CPU
		{310CA66F-5D2E-4FAE-8AC0-7C626877F47C}.Release|Any CPU.ActiveCfg = Release|Any CPU
		{310CA66F-5D2E-4FAE-8AC0-7C626877F47C}.Release|Any CPU.Build.0 = Release|Any CPU
		{2AD577A5-2241-4405-945D-6A89DDCC55BE}.Debug|Any CPU.ActiveCfg = Debug|Any CPU
		{2AD577A5-2241-4405-945D-6A89DDCC55BE}.Debug|Any CPU.Build.0 = Debug|Any CPU
		{2AD577A5-2241-4405-945D-6A89DDCC55BE}.Release|Any CPU.ActiveCfg = Release|Any CPU
		{2AD577A5-2241-4405-945D-6A89DDCC55BE}.Release|Any CPU.Build.0 = Release|Any CPU
		{F487AAF0-71A4-4837-8BE2-AE0D7158FA69}.Debug|Any CPU.ActiveCfg = Debug|Any CPU
		{F487AAF0-71A4-4837-8BE2-AE0D7158FA69}.Debug|Any CPU.Build.0 = Debug|Any CPU
		{F487AAF0-71A4-4837-8BE2-AE0D7158FA69}.Release|Any CPU.ActiveCfg = Release|Any CPU
		{F487AAF0-71A4-4837-8BE2-AE0D7158FA69}.Release|Any CPU.Build.0 = Release|Any CPU
		{6B264A96-F5C2-4D45-AD96-DB15A2F330E8}.Debug|Any CPU.ActiveCfg = Debug|Any CPU
		{6B264A96-F5C2-4D45-AD96-DB15A2F330E8}.Debug|Any CPU.Build.0 = Debug|Any CPU
		{6B264A96-F5C2-4D45-AD96-DB15A2F330E8}.Release|Any CPU.ActiveCfg = Release|Any CPU
		{6B264A96-F5C2-4D45-AD96-DB15A2F330E8}.Release|Any CPU.Build.0 = Release|Any CPU
		{B522A20E-9120-48B2-87F5-75D032090624}.Debug|Any CPU.ActiveCfg = Debug|Any CPU
		{B522A20E-9120-48B2-87F5-75D032090624}.Debug|Any CPU.Build.0 = Debug|Any CPU
		{B522A20E-9120-48B2-87F5-75D032090624}.Release|Any CPU.ActiveCfg = Release|Any CPU
		{B522A20E-9120-48B2-87F5-75D032090624}.Release|Any CPU.Build.0 = Release|Any CPU
	EndGlobalSection
	GlobalSection(SolutionProperties) = preSolution
		HideSolutionNode = FALSE
	EndGlobalSection
EndGlobal
