
Microsoft Visual Studio Solution File, Format Version 12.00
# Visual Studio 2012
Project("{FAE04EC0-301F-11D3-BF4B-00C04F79EFBC}") = "1. MaximalPath", "BGCodderVol3\1. MaximalPath.csproj", "{FF1D78BA-300E-47E9-AB86-F234DEFE12F5}"
EndProject
Project("{FAE04EC0-301F-11D3-BF4B-00C04F79EFBC}") = "2. CompanyStructure", "2. CompanyStructure\2. CompanyStructure.csproj", "{19142C8B-7EC4-4654-BE87-4F358FE940A8}"
EndProject
Global
	GlobalSection(SolutionConfigurationPlatforms) = preSolution
		Debug|Any CPU = Debug|Any CPU
		Release|Any CPU = Release|Any CPU
	EndGlobalSection
	GlobalSection(ProjectConfigurationPlatforms) = postSolution
		{FF1D78BA-300E-47E9-AB86-F234DEFE12F5}.Debug|Any CPU.ActiveCfg = Debug|Any CPU
		{FF1D78BA-300E-47E9-AB86-F234DEFE12F5}.Debug|Any CPU.Build.0 = Debug|Any CPU
		{FF1D78BA-300E-47E9-AB86-F234DEFE12F5}.Release|Any CPU.ActiveCfg = Release|Any CPU
		{FF1D78BA-300E-47E9-AB86-F234DEFE12F5}.Release|Any CPU.Build.0 = Release|Any CPU
		{19142C8B-7EC4-4654-BE87-4F358FE940A8}.Debug|Any CPU.ActiveCfg = Debug|Any CPU
		{19142C8B-7EC4-4654-BE87-4F358FE940A8}.Debug|Any CPU.Build.0 = Debug|Any CPU
		{19142C8B-7EC4-4654-BE87-4F358FE940A8}.Release|Any CPU.ActiveCfg = Release|Any CPU
		{19142C8B-7EC4-4654-BE87-4F358FE940A8}.Release|Any CPU.Build.0 = Release|Any CPU
	EndGlobalSection
	GlobalSection(SolutionProperties) = preSolution
		HideSolutionNode = FALSE
	EndGlobalSection
EndGlobal
