
Microsoft Visual Studio Solution File, Format Version 12.00
# Visual Studio 2012
Project("{FAE04EC0-301F-11D3-BF4B-00C04F79EFBC}") = "01. 3DPoint", "01. 3DPoint\01. 3DPoint.csproj", "{A5BCA126-CA55-492C-B728-DFEF699A01E3}"
EndProject
Project("{FAE04EC0-301F-11D3-BF4B-00C04F79EFBC}") = "01. 3DPoint.CommonClasses", "01. 3DPoint.CommonClasses\01. 3DPoint.CommonClasses.csproj", "{3DE64A2F-BA82-48A9-A893-7B4A2022F6E3}"
EndProject
Project("{FAE04EC0-301F-11D3-BF4B-00C04F79EFBC}") = "05. CreatingGenericList", "05. CreatingGenericList\05. CreatingGenericList.csproj", "{B2827E9A-3B5D-4A93-A8CC-D5D4378388FB}"
EndProject
Project("{FAE04EC0-301F-11D3-BF4B-00C04F79EFBC}") = "08.Matrixes", "08.Matrixes\08.Matrixes.csproj", "{35D0517C-E7DE-4BC5-B3CA-AC331B48E900}"
EndProject
Project("{FAE04EC0-301F-11D3-BF4B-00C04F79EFBC}") = "11.CreationOfAttribute", "11.CreationOfAttribute\11.CreationOfAttribute.csproj", "{F2BC7ED7-B9CF-4CB8-B516-15CF064CBC4A}"
EndProject
Global
	GlobalSection(TeamFoundationVersionControl) = preSolution
		SccNumberOfProjects = 6
		SccEnterpriseProvider = {4CA58AB2-18FA-4F8D-95D4-32DDF27D184C}
		SccTeamFoundationServer = https://alekstodorov.visualstudio.com/defaultcollection
		SccLocalPath0 = .
		SccProjectUniqueName1 = 01.\u00203DPoint.CommonClasses\\01.\u00203DPoint.CommonClasses.csproj
		SccProjectName1 = 01.\u00203DPoint.CommonClasses
		SccLocalPath1 = 01.\u00203DPoint.CommonClasses
		SccProjectUniqueName2 = 01.\u00203DPoint\\01.\u00203DPoint.csproj
		SccProjectName2 = 01.\u00203DPoint
		SccLocalPath2 = 01.\u00203DPoint
		SccProjectUniqueName3 = 05.\u0020CreatingGenericList\\05.\u0020CreatingGenericList.csproj
		SccProjectName3 = 05.\u0020CreatingGenericList
		SccLocalPath3 = 05.\u0020CreatingGenericList
		SccProjectUniqueName4 = 08.Matrixes\\08.Matrixes.csproj
		SccProjectName4 = 08.Matrixes
		SccLocalPath4 = 08.Matrixes
		SccProjectUniqueName5 = 11.CreationOfAttribute\\11.CreationOfAttribute.csproj
		SccProjectName5 = 11.CreationOfAttribute
		SccLocalPath5 = 11.CreationOfAttribute
	EndGlobalSection
	GlobalSection(SolutionConfigurationPlatforms) = preSolution
		Debug|Any CPU = Debug|Any CPU
		Release|Any CPU = Release|Any CPU
	EndGlobalSection
	GlobalSection(ProjectConfigurationPlatforms) = postSolution
		{A5BCA126-CA55-492C-B728-DFEF699A01E3}.Debug|Any CPU.ActiveCfg = Debug|Any CPU
		{A5BCA126-CA55-492C-B728-DFEF699A01E3}.Debug|Any CPU.Build.0 = Debug|Any CPU
		{A5BCA126-CA55-492C-B728-DFEF699A01E3}.Release|Any CPU.ActiveCfg = Release|Any CPU
		{A5BCA126-CA55-492C-B728-DFEF699A01E3}.Release|Any CPU.Build.0 = Release|Any CPU
		{3DE64A2F-BA82-48A9-A893-7B4A2022F6E3}.Debug|Any CPU.ActiveCfg = Debug|Any CPU
		{3DE64A2F-BA82-48A9-A893-7B4A2022F6E3}.Debug|Any CPU.Build.0 = Debug|Any CPU
		{3DE64A2F-BA82-48A9-A893-7B4A2022F6E3}.Release|Any CPU.ActiveCfg = Release|Any CPU
		{3DE64A2F-BA82-48A9-A893-7B4A2022F6E3}.Release|Any CPU.Build.0 = Release|Any CPU
		{B2827E9A-3B5D-4A93-A8CC-D5D4378388FB}.Debug|Any CPU.ActiveCfg = Debug|Any CPU
		{B2827E9A-3B5D-4A93-A8CC-D5D4378388FB}.Debug|Any CPU.Build.0 = Debug|Any CPU
		{B2827E9A-3B5D-4A93-A8CC-D5D4378388FB}.Release|Any CPU.ActiveCfg = Release|Any CPU
		{B2827E9A-3B5D-4A93-A8CC-D5D4378388FB}.Release|Any CPU.Build.0 = Release|Any CPU
		{35D0517C-E7DE-4BC5-B3CA-AC331B48E900}.Debug|Any CPU.ActiveCfg = Debug|Any CPU
		{35D0517C-E7DE-4BC5-B3CA-AC331B48E900}.Debug|Any CPU.Build.0 = Debug|Any CPU
		{35D0517C-E7DE-4BC5-B3CA-AC331B48E900}.Release|Any CPU.ActiveCfg = Release|Any CPU
		{35D0517C-E7DE-4BC5-B3CA-AC331B48E900}.Release|Any CPU.Build.0 = Release|Any CPU
		{F2BC7ED7-B9CF-4CB8-B516-15CF064CBC4A}.Debug|Any CPU.ActiveCfg = Debug|Any CPU
		{F2BC7ED7-B9CF-4CB8-B516-15CF064CBC4A}.Debug|Any CPU.Build.0 = Debug|Any CPU
		{F2BC7ED7-B9CF-4CB8-B516-15CF064CBC4A}.Release|Any CPU.ActiveCfg = Release|Any CPU
		{F2BC7ED7-B9CF-4CB8-B516-15CF064CBC4A}.Release|Any CPU.Build.0 = Release|Any CPU
	EndGlobalSection
	GlobalSection(SolutionProperties) = preSolution
		HideSolutionNode = FALSE
	EndGlobalSection
EndGlobal
