
Microsoft Visual Studio Solution File, Format Version 12.00
# Visual Studio 2012
Project("{FAE04EC0-301F-11D3-BF4B-00C04F79EFBC}") = "EffectiveRecurssion", "ExamPreparation\EffectiveRecurssion.csproj", "{91933BB3-66F9-42B6-AB0A-D5BE36A1B032}"
EndProject
Project("{FAE04EC0-301F-11D3-BF4B-00C04F79EFBC}") = "PathsInLabyrinth", "PathsInLabyrinth\PathsInLabyrinth.csproj", "{AC4E4237-FEC8-43C5-A43C-CC061025F997}"
EndProject
Global
	GlobalSection(SolutionConfigurationPlatforms) = preSolution
		Debug|Any CPU = Debug|Any CPU
		Release|Any CPU = Release|Any CPU
	EndGlobalSection
	GlobalSection(ProjectConfigurationPlatforms) = postSolution
		{91933BB3-66F9-42B6-AB0A-D5BE36A1B032}.Debug|Any CPU.ActiveCfg = Debug|Any CPU
		{91933BB3-66F9-42B6-AB0A-D5BE36A1B032}.Debug|Any CPU.Build.0 = Debug|Any CPU
		{91933BB3-66F9-42B6-AB0A-D5BE36A1B032}.Release|Any CPU.ActiveCfg = Release|Any CPU
		{91933BB3-66F9-42B6-AB0A-D5BE36A1B032}.Release|Any CPU.Build.0 = Release|Any CPU
		{AC4E4237-FEC8-43C5-A43C-CC061025F997}.Debug|Any CPU.ActiveCfg = Debug|Any CPU
		{AC4E4237-FEC8-43C5-A43C-CC061025F997}.Debug|Any CPU.Build.0 = Debug|Any CPU
		{AC4E4237-FEC8-43C5-A43C-CC061025F997}.Release|Any CPU.ActiveCfg = Release|Any CPU
		{AC4E4237-FEC8-43C5-A43C-CC061025F997}.Release|Any CPU.Build.0 = Release|Any CPU
	EndGlobalSection
	GlobalSection(SolutionProperties) = preSolution
		HideSolutionNode = FALSE
	EndGlobalSection
EndGlobal
