
Microsoft Visual Studio Solution File, Format Version 12.00
# Visual Studio 2012
Project("{FAE04EC0-301F-11D3-BF4B-00C04F79EFBC}") = "01.PrintingNumbersToN", "01.PrintingNumbersToN\01.PrintingNumbersToN.csproj", "{7C8AA1DA-FBD8-4899-9B36-55391233FC1F}"
EndProject
Project("{FAE04EC0-301F-11D3-BF4B-00C04F79EFBC}") = "02.PrintingNumbersThatAreNotDividors", "02.PrintingNumbersThatAreNotDividors\02.PrintingNumbersThatAreNotDividors.csproj", "{E39AC2D4-1B1C-4D1C-B82E-3AEE3B22F834}"
EndProject
Project("{FAE04EC0-301F-11D3-BF4B-00C04F79EFBC}") = "03.PrintingMinAndMaxNumber", "03.PrintingMinAndMaxNumber\03.PrintingMinAndMaxNumber.csproj", "{94119B97-FE0D-4D0D-9BAF-572C60E81BAE}"
EndProject
Project("{FAE04EC0-301F-11D3-BF4B-00C04F79EFBC}") = "04.PrintingFactorials", "04.PrintingFactorials\04.PrintingFactorials.csproj", "{A1FC434C-6828-42BF-965A-82049F2903E3}"
EndProject
Project("{FAE04EC0-301F-11D3-BF4B-00C04F79EFBC}") = "05.PrintingFactorialExpression", "05.PrintingFactorialExpression\05.PrintingFactorialExpression.csproj", "{792CE6A5-E756-4F05-BD8A-BEDE00EEB02A}"
EndProject
Project("{FAE04EC0-301F-11D3-BF4B-00C04F79EFBC}") = "06.PrintingSumOfFactorials", "06.PrintingSumOfFactorials\06.PrintingSumOfFactorials.csproj", "{856FE8B9-CAAE-455B-9AFB-50B55538FC80}"
EndProject
Project("{FAE04EC0-301F-11D3-BF4B-00C04F79EFBC}") = "07.FibonacciElementsSum", "07.FibonacciElementsSum\07.FibonacciElementsSum.csproj", "{C7B1DCD4-E727-4ACF-A064-D94466CEFC1E}"
EndProject
Project("{FAE04EC0-301F-11D3-BF4B-00C04F79EFBC}") = "08.CalculatingTheGreatestCommonDivisor", "08.CalculatingTheGreatestCommonDivisor\08.CalculatingTheGreatestCommonDivisor.csproj", "{66C1CB33-46AD-48F8-965F-17E09DF17435}"
EndProject
Project("{FAE04EC0-301F-11D3-BF4B-00C04F79EFBC}") = "09.CalculatingTheCatalanNumber", "09.CalculatingTheCatalanNumber\09.CalculatingTheCatalanNumber.csproj", "{4D663B1D-5EF7-41AF-AAD8-BEF601D73D06}"
EndProject
Project("{FAE04EC0-301F-11D3-BF4B-00C04F79EFBC}") = "10.PrintingCardsNames", "10.PrintingCardsNames\10.PrintingCardsNames.csproj", "{12E83608-F78A-497F-9193-87094E8661DE}"
EndProject
Project("{FAE04EC0-301F-11D3-BF4B-00C04F79EFBC}") = "11.GeneratingMatrix", "11.OutputingMatrix\11.GeneratingMatrix.csproj", "{3F82AEDD-090F-4E27-AB76-A952E1168BC5}"
EndProject
Project("{FAE04EC0-301F-11D3-BF4B-00C04F79EFBC}") = "12. CalculatingTrailingZeroes", "12. CalculatingTrailingZeroes\12. CalculatingTrailingZeroes.csproj", "{7C2A41DC-7D5C-4637-9BA9-1416E222505A}"
EndProject
Project("{FAE04EC0-301F-11D3-BF4B-00C04F79EFBC}") = "13.GeneratingSpiralMatrix", "13.GeneratingSpiralMatrix\13.GeneratingSpiralMatrix.csproj", "{48BDD655-E03B-4187-8E1B-F8AC2B0F5B95}"
EndProject
Global
	GlobalSection(SolutionConfigurationPlatforms) = preSolution
		Debug|Any CPU = Debug|Any CPU
		Release|Any CPU = Release|Any CPU
	EndGlobalSection
	GlobalSection(ProjectConfigurationPlatforms) = postSolution
		{7C8AA1DA-FBD8-4899-9B36-55391233FC1F}.Debug|Any CPU.ActiveCfg = Debug|Any CPU
		{7C8AA1DA-FBD8-4899-9B36-55391233FC1F}.Debug|Any CPU.Build.0 = Debug|Any CPU
		{7C8AA1DA-FBD8-4899-9B36-55391233FC1F}.Release|Any CPU.ActiveCfg = Release|Any CPU
		{7C8AA1DA-FBD8-4899-9B36-55391233FC1F}.Release|Any CPU.Build.0 = Release|Any CPU
		{E39AC2D4-1B1C-4D1C-B82E-3AEE3B22F834}.Debug|Any CPU.ActiveCfg = Debug|Any CPU
		{E39AC2D4-1B1C-4D1C-B82E-3AEE3B22F834}.Debug|Any CPU.Build.0 = Debug|Any CPU
		{E39AC2D4-1B1C-4D1C-B82E-3AEE3B22F834}.Release|Any CPU.ActiveCfg = Release|Any CPU
		{E39AC2D4-1B1C-4D1C-B82E-3AEE3B22F834}.Release|Any CPU.Build.0 = Release|Any CPU
		{94119B97-FE0D-4D0D-9BAF-572C60E81BAE}.Debug|Any CPU.ActiveCfg = Debug|Any CPU
		{94119B97-FE0D-4D0D-9BAF-572C60E81BAE}.Debug|Any CPU.Build.0 = Debug|Any CPU
		{94119B97-FE0D-4D0D-9BAF-572C60E81BAE}.Release|Any CPU.ActiveCfg = Release|Any CPU
		{94119B97-FE0D-4D0D-9BAF-572C60E81BAE}.Release|Any CPU.Build.0 = Release|Any CPU
		{A1FC434C-6828-42BF-965A-82049F2903E3}.Debug|Any CPU.ActiveCfg = Debug|Any CPU
		{A1FC434C-6828-42BF-965A-82049F2903E3}.Debug|Any CPU.Build.0 = Debug|Any CPU
		{A1FC434C-6828-42BF-965A-82049F2903E3}.Release|Any CPU.ActiveCfg = Release|Any CPU
		{A1FC434C-6828-42BF-965A-82049F2903E3}.Release|Any CPU.Build.0 = Release|Any CPU
		{792CE6A5-E756-4F05-BD8A-BEDE00EEB02A}.Debug|Any CPU.ActiveCfg = Debug|Any CPU
		{792CE6A5-E756-4F05-BD8A-BEDE00EEB02A}.Debug|Any CPU.Build.0 = Debug|Any CPU
		{792CE6A5-E756-4F05-BD8A-BEDE00EEB02A}.Release|Any CPU.ActiveCfg = Release|Any CPU
		{792CE6A5-E756-4F05-BD8A-BEDE00EEB02A}.Release|Any CPU.Build.0 = Release|Any CPU
		{856FE8B9-CAAE-455B-9AFB-50B55538FC80}.Debug|Any CPU.ActiveCfg = Debug|Any CPU
		{856FE8B9-CAAE-455B-9AFB-50B55538FC80}.Debug|Any CPU.Build.0 = Debug|Any CPU
		{856FE8B9-CAAE-455B-9AFB-50B55538FC80}.Release|Any CPU.ActiveCfg = Release|Any CPU
		{856FE8B9-CAAE-455B-9AFB-50B55538FC80}.Release|Any CPU.Build.0 = Release|Any CPU
		{C7B1DCD4-E727-4ACF-A064-D94466CEFC1E}.Debug|Any CPU.ActiveCfg = Debug|Any CPU
		{C7B1DCD4-E727-4ACF-A064-D94466CEFC1E}.Debug|Any CPU.Build.0 = Debug|Any CPU
		{C7B1DCD4-E727-4ACF-A064-D94466CEFC1E}.Release|Any CPU.ActiveCfg = Release|Any CPU
		{C7B1DCD4-E727-4ACF-A064-D94466CEFC1E}.Release|Any CPU.Build.0 = Release|Any CPU
		{66C1CB33-46AD-48F8-965F-17E09DF17435}.Debug|Any CPU.ActiveCfg = Debug|Any CPU
		{66C1CB33-46AD-48F8-965F-17E09DF17435}.Debug|Any CPU.Build.0 = Debug|Any CPU
		{66C1CB33-46AD-48F8-965F-17E09DF17435}.Release|Any CPU.ActiveCfg = Release|Any CPU
		{66C1CB33-46AD-48F8-965F-17E09DF17435}.Release|Any CPU.Build.0 = Release|Any CPU
		{4D663B1D-5EF7-41AF-AAD8-BEF601D73D06}.Debug|Any CPU.ActiveCfg = Debug|Any CPU
		{4D663B1D-5EF7-41AF-AAD8-BEF601D73D06}.Debug|Any CPU.Build.0 = Debug|Any CPU
		{4D663B1D-5EF7-41AF-AAD8-BEF601D73D06}.Release|Any CPU.ActiveCfg = Release|Any CPU
		{4D663B1D-5EF7-41AF-AAD8-BEF601D73D06}.Release|Any CPU.Build.0 = Release|Any CPU
		{12E83608-F78A-497F-9193-87094E8661DE}.Debug|Any CPU.ActiveCfg = Debug|Any CPU
		{12E83608-F78A-497F-9193-87094E8661DE}.Debug|Any CPU.Build.0 = Debug|Any CPU
		{12E83608-F78A-497F-9193-87094E8661DE}.Release|Any CPU.ActiveCfg = Release|Any CPU
		{12E83608-F78A-497F-9193-87094E8661DE}.Release|Any CPU.Build.0 = Release|Any CPU
		{3F82AEDD-090F-4E27-AB76-A952E1168BC5}.Debug|Any CPU.ActiveCfg = Debug|Any CPU
		{3F82AEDD-090F-4E27-AB76-A952E1168BC5}.Debug|Any CPU.Build.0 = Debug|Any CPU
		{3F82AEDD-090F-4E27-AB76-A952E1168BC5}.Release|Any CPU.ActiveCfg = Release|Any CPU
		{3F82AEDD-090F-4E27-AB76-A952E1168BC5}.Release|Any CPU.Build.0 = Release|Any CPU
		{7C2A41DC-7D5C-4637-9BA9-1416E222505A}.Debug|Any CPU.ActiveCfg = Debug|Any CPU
		{7C2A41DC-7D5C-4637-9BA9-1416E222505A}.Debug|Any CPU.Build.0 = Debug|Any CPU
		{7C2A41DC-7D5C-4637-9BA9-1416E222505A}.Release|Any CPU.ActiveCfg = Release|Any CPU
		{7C2A41DC-7D5C-4637-9BA9-1416E222505A}.Release|Any CPU.Build.0 = Release|Any CPU
		{48BDD655-E03B-4187-8E1B-F8AC2B0F5B95}.Debug|Any CPU.ActiveCfg = Debug|Any CPU
		{48BDD655-E03B-4187-8E1B-F8AC2B0F5B95}.Debug|Any CPU.Build.0 = Debug|Any CPU
		{48BDD655-E03B-4187-8E1B-F8AC2B0F5B95}.Release|Any CPU.ActiveCfg = Release|Any CPU
		{48BDD655-E03B-4187-8E1B-F8AC2B0F5B95}.Release|Any CPU.Build.0 = Release|Any CPU
	EndGlobalSection
	GlobalSection(SolutionProperties) = preSolution
		HideSolutionNode = FALSE
	EndGlobalSection
EndGlobal
