
Microsoft Visual Studio Solution File, Format Version 12.00
# Visual Studio 2012
Project("{FAE04EC0-301F-11D3-BF4B-00C04F79EFBC}") = "SuperMarketTeamWork", "SuperMarketTeamWork\SuperMarketTeamWork.csproj", "{9DE25CD6-6B70-4282-9442-BF5CA14F1DEF}"
EndProject
Global
	GlobalSection(SolutionConfigurationPlatforms) = preSolution
		Debug|Any CPU = Debug|Any CPU
		Release|Any CPU = Release|Any CPU
	EndGlobalSection
	GlobalSection(ProjectConfigurationPlatforms) = postSolution
		{9DE25CD6-6B70-4282-9442-BF5CA14F1DEF}.Debug|Any CPU.ActiveCfg = Debug|Any CPU
		{9DE25CD6-6B70-4282-9442-BF5CA14F1DEF}.Debug|Any CPU.Build.0 = Debug|Any CPU
		{9DE25CD6-6B70-4282-9442-BF5CA14F1DEF}.Release|Any CPU.ActiveCfg = Release|Any CPU
		{9DE25CD6-6B70-4282-9442-BF5CA14F1DEF}.Release|Any CPU.Build.0 = Release|Any CPU
	EndGlobalSection
	GlobalSection(SolutionProperties) = preSolution
		HideSolutionNode = FALSE
	EndGlobalSection
EndGlobal
