
Microsoft Visual Studio Solution File, Format Version 12.00
# Visual Studio 2012
Project("{FAE04EC0-301F-11D3-BF4B-00C04F79EFBC}") = "UsingObjects", "UsingObjects.csproj", "{18AE10CB-2D0B-4937-B7B8-EB447F74613E}"
EndProject
Global
	GlobalSection(SolutionConfigurationPlatforms) = preSolution
		Debug|Any CPU = Debug|Any CPU
		Release|Any CPU = Release|Any CPU
	EndGlobalSection
	GlobalSection(ProjectConfigurationPlatforms) = postSolution
		{18AE10CB-2D0B-4937-B7B8-EB447F74613E}.Debug|Any CPU.ActiveCfg = Debug|Any CPU
		{18AE10CB-2D0B-4937-B7B8-EB447F74613E}.Debug|Any CPU.Build.0 = Debug|Any CPU
		{18AE10CB-2D0B-4937-B7B8-EB447F74613E}.Release|Any CPU.ActiveCfg = Release|Any CPU
		{18AE10CB-2D0B-4937-B7B8-EB447F74613E}.Release|Any CPU.Build.0 = Release|Any CPU
	EndGlobalSection
	GlobalSection(SolutionProperties) = preSolution
		HideSolutionNode = FALSE
	EndGlobalSection
EndGlobal
