
Microsoft Visual Studio Solution File, Format Version 12.00
# Visual Studio 2012
Project("{FAE04EC0-301F-11D3-BF4B-00C04F79EFBC}") = "MusicStore.Client", "MusicStore.Client\MusicStore.Client.csproj", "{50E00BEB-0D83-47B2-B3DA-B28FE1CD09AF}"
EndProject
Project("{FAE04EC0-301F-11D3-BF4B-00C04F79EFBC}") = "MusicSotre.Services", "MusicSotre.Services\MusicSotre.Services.csproj", "{EFE611D5-11BA-4DDB-BF8E-9DEFCB14DFD1}"
EndProject
Project("{FAE04EC0-301F-11D3-BF4B-00C04F79EFBC}") = "MusicStore.Data", "MusicStore.Data\MusicStore.Data.csproj", "{D0E5424C-B086-4C46-A26C-E4884F1F8EAB}"
EndProject
Global
	GlobalSection(SolutionConfigurationPlatforms) = preSolution
		Debug|Any CPU = Debug|Any CPU
		Release|Any CPU = Release|Any CPU
	EndGlobalSection
	GlobalSection(ProjectConfigurationPlatforms) = postSolution
		{50E00BEB-0D83-47B2-B3DA-B28FE1CD09AF}.Debug|Any CPU.ActiveCfg = Debug|Any CPU
		{50E00BEB-0D83-47B2-B3DA-B28FE1CD09AF}.Debug|Any CPU.Build.0 = Debug|Any CPU
		{50E00BEB-0D83-47B2-B3DA-B28FE1CD09AF}.Release|Any CPU.ActiveCfg = Release|Any CPU
		{50E00BEB-0D83-47B2-B3DA-B28FE1CD09AF}.Release|Any CPU.Build.0 = Release|Any CPU
		{EFE611D5-11BA-4DDB-BF8E-9DEFCB14DFD1}.Debug|Any CPU.ActiveCfg = Debug|Any CPU
		{EFE611D5-11BA-4DDB-BF8E-9DEFCB14DFD1}.Debug|Any CPU.Build.0 = Debug|Any CPU
		{EFE611D5-11BA-4DDB-BF8E-9DEFCB14DFD1}.Release|Any CPU.ActiveCfg = Release|Any CPU
		{EFE611D5-11BA-4DDB-BF8E-9DEFCB14DFD1}.Release|Any CPU.Build.0 = Release|Any CPU
		{D0E5424C-B086-4C46-A26C-E4884F1F8EAB}.Debug|Any CPU.ActiveCfg = Debug|Any CPU
		{D0E5424C-B086-4C46-A26C-E4884F1F8EAB}.Debug|Any CPU.Build.0 = Debug|Any CPU
		{D0E5424C-B086-4C46-A26C-E4884F1F8EAB}.Release|Any CPU.ActiveCfg = Release|Any CPU
		{D0E5424C-B086-4C46-A26C-E4884F1F8EAB}.Release|Any CPU.Build.0 = Release|Any CPU
	EndGlobalSection
	GlobalSection(SolutionProperties) = preSolution
		HideSolutionNode = FALSE
	EndGlobalSection
EndGlobal
