
Microsoft Visual Studio Solution File, Format Version 12.00
# Visual Studio 2012
Project("{FAE04EC0-301F-11D3-BF4B-00C04F79EFBC}") = "4. MineSweeper", "4. MineSweeper.csproj", "{B20E8DFD-5F12-4358-849D-1F25806E9052}"
EndProject
Project("{FAE04EC0-301F-11D3-BF4B-00C04F79EFBC}") = "1. FormattedClass", "..\1. FormattedClass\1. FormattedClass.csproj", "{6BD20D4B-86DD-4300-A47F-064ECE17C63E}"
EndProject
Project("{FAE04EC0-301F-11D3-BF4B-00C04F79EFBC}") = "2. CreatHumanApplication", "2. CreatingHuman\2. CreatHumanApplication.csproj", "{5D775975-2387-4D93-BC3A-DE8EA3555CF1}"
EndProject
Project("{FAE04EC0-301F-11D3-BF4B-00C04F79EFBC}") = "3. JSFormatting", "3. JSFormatting\3. JSFormatting.csproj", "{3509B985-908F-4CD0-B6EE-90D69B297C97}"
EndProject
Global
	GlobalSection(SolutionConfigurationPlatforms) = preSolution
		Debug|Any CPU = Debug|Any CPU
		Release|Any CPU = Release|Any CPU
	EndGlobalSection
	GlobalSection(ProjectConfigurationPlatforms) = postSolution
		{B20E8DFD-5F12-4358-849D-1F25806E9052}.Debug|Any CPU.ActiveCfg = Debug|Any CPU
		{B20E8DFD-5F12-4358-849D-1F25806E9052}.Debug|Any CPU.Build.0 = Debug|Any CPU
		{B20E8DFD-5F12-4358-849D-1F25806E9052}.Release|Any CPU.ActiveCfg = Release|Any CPU
		{B20E8DFD-5F12-4358-849D-1F25806E9052}.Release|Any CPU.Build.0 = Release|Any CPU
		{6BD20D4B-86DD-4300-A47F-064ECE17C63E}.Debug|Any CPU.ActiveCfg = Debug|Any CPU
		{6BD20D4B-86DD-4300-A47F-064ECE17C63E}.Debug|Any CPU.Build.0 = Debug|Any CPU
		{6BD20D4B-86DD-4300-A47F-064ECE17C63E}.Release|Any CPU.ActiveCfg = Release|Any CPU
		{6BD20D4B-86DD-4300-A47F-064ECE17C63E}.Release|Any CPU.Build.0 = Release|Any CPU
		{5D775975-2387-4D93-BC3A-DE8EA3555CF1}.Debug|Any CPU.ActiveCfg = Debug|Any CPU
		{5D775975-2387-4D93-BC3A-DE8EA3555CF1}.Debug|Any CPU.Build.0 = Debug|Any CPU
		{5D775975-2387-4D93-BC3A-DE8EA3555CF1}.Release|Any CPU.ActiveCfg = Release|Any CPU
		{5D775975-2387-4D93-BC3A-DE8EA3555CF1}.Release|Any CPU.Build.0 = Release|Any CPU
		{3509B985-908F-4CD0-B6EE-90D69B297C97}.Debug|Any CPU.ActiveCfg = Debug|Any CPU
		{3509B985-908F-4CD0-B6EE-90D69B297C97}.Debug|Any CPU.Build.0 = Debug|Any CPU
		{3509B985-908F-4CD0-B6EE-90D69B297C97}.Release|Any CPU.ActiveCfg = Release|Any CPU
		{3509B985-908F-4CD0-B6EE-90D69B297C97}.Release|Any CPU.Build.0 = Release|Any CPU
	EndGlobalSection
	GlobalSection(SolutionProperties) = preSolution
		HideSolutionNode = FALSE
	EndGlobalSection
EndGlobal
