
Microsoft Visual Studio Solution File, Format Version 12.00
# Visual Studio 2012
Project("{FAE04EC0-301F-11D3-BF4B-00C04F79EFBC}") = "3. OOPInJavaScript", "3. OOPInJavaScript\3. OOPInJavaScript.csproj", "{BC4822A7-AF1C-4CBC-A99B-08E810D84E8C}"
EndProject
Global
	GlobalSection(SolutionConfigurationPlatforms) = preSolution
		Debug|Any CPU = Debug|Any CPU
		Release|Any CPU = Release|Any CPU
	EndGlobalSection
	GlobalSection(ProjectConfigurationPlatforms) = postSolution
		{BC4822A7-AF1C-4CBC-A99B-08E810D84E8C}.Debug|Any CPU.ActiveCfg = Debug|Any CPU
		{BC4822A7-AF1C-4CBC-A99B-08E810D84E8C}.Debug|Any CPU.Build.0 = Debug|Any CPU
		{BC4822A7-AF1C-4CBC-A99B-08E810D84E8C}.Release|Any CPU.ActiveCfg = Release|Any CPU
		{BC4822A7-AF1C-4CBC-A99B-08E810D84E8C}.Release|Any CPU.Build.0 = Release|Any CPU
	EndGlobalSection
	GlobalSection(SolutionProperties) = preSolution
		HideSolutionNode = FALSE
	EndGlobalSection
EndGlobal
