
Microsoft Visual Studio Solution File, Format Version 12.00
# Visual Studio 2012
Project("{FAE04EC0-301F-11D3-BF4B-00C04F79EFBC}") = "03. CheckingBracketPossition", "03. CheckingBracketPossition\03. CheckingBracketPossition.csproj", "{7A998A26-5425-4AA8-A553-8DD603BB1EB2}"
EndProject
Project("{FAE04EC0-301F-11D3-BF4B-00C04F79EFBC}") = "04. CountOfOccurenceOfSubString", "04. CountOfOccurenceOfSubString\04. CountOfOccurenceOfSubString.csproj", "{AE136754-EAD4-47A9-942F-AFA3D054841F}"
EndProject
Project("{FAE04EC0-301F-11D3-BF4B-00C04F79EFBC}") = "02. ReversingString", "02. ReversingString\02. ReversingString.csproj", "{FE5D85D6-4EDE-4F69-8354-E14781422AF1}"
EndProject
Project("{FAE04EC0-301F-11D3-BF4B-00C04F79EFBC}") = "05. ChangingTextInTags", "05. ChangingTextInTags\05. ChangingTextInTags.csproj", "{AD32BA3B-0004-4D2B-BB23-97AAA615EE45}"
EndProject
Project("{FAE04EC0-301F-11D3-BF4B-00C04F79EFBC}") = "06. FixingStringLenght", "06. FixingStringLenght\06. FixingStringLenght.csproj", "{08FA2C45-1B5C-4413-8D32-56A5934BEB37}"
EndProject
Project("{FAE04EC0-301F-11D3-BF4B-00C04F79EFBC}") = "07. EncodingText", "07. EncodingText\07. EncodingText.csproj", "{0C8A95E8-2357-4346-BD68-7A07D40B1589}"
EndProject
Project("{FAE04EC0-301F-11D3-BF4B-00C04F79EFBC}") = "08. ExtractingSentences", "08. ExtractingSentences\08. ExtractingSentences.csproj", "{A9522F30-8481-47CC-B13B-2D0097D6EE65}"
EndProject
Global
	GlobalSection(SolutionConfigurationPlatforms) = preSolution
		Debug|Any CPU = Debug|Any CPU
		Release|Any CPU = Release|Any CPU
	EndGlobalSection
	GlobalSection(ProjectConfigurationPlatforms) = postSolution
		{7A998A26-5425-4AA8-A553-8DD603BB1EB2}.Debug|Any CPU.ActiveCfg = Debug|Any CPU
		{7A998A26-5425-4AA8-A553-8DD603BB1EB2}.Debug|Any CPU.Build.0 = Debug|Any CPU
		{7A998A26-5425-4AA8-A553-8DD603BB1EB2}.Release|Any CPU.ActiveCfg = Release|Any CPU
		{7A998A26-5425-4AA8-A553-8DD603BB1EB2}.Release|Any CPU.Build.0 = Release|Any CPU
		{AE136754-EAD4-47A9-942F-AFA3D054841F}.Debug|Any CPU.ActiveCfg = Debug|Any CPU
		{AE136754-EAD4-47A9-942F-AFA3D054841F}.Debug|Any CPU.Build.0 = Debug|Any CPU
		{AE136754-EAD4-47A9-942F-AFA3D054841F}.Release|Any CPU.ActiveCfg = Release|Any CPU
		{AE136754-EAD4-47A9-942F-AFA3D054841F}.Release|Any CPU.Build.0 = Release|Any CPU
		{FE5D85D6-4EDE-4F69-8354-E14781422AF1}.Debug|Any CPU.ActiveCfg = Debug|Any CPU
		{FE5D85D6-4EDE-4F69-8354-E14781422AF1}.Debug|Any CPU.Build.0 = Debug|Any CPU
		{FE5D85D6-4EDE-4F69-8354-E14781422AF1}.Release|Any CPU.ActiveCfg = Release|Any CPU
		{FE5D85D6-4EDE-4F69-8354-E14781422AF1}.Release|Any CPU.Build.0 = Release|Any CPU
		{AD32BA3B-0004-4D2B-BB23-97AAA615EE45}.Debug|Any CPU.ActiveCfg = Debug|Any CPU
		{AD32BA3B-0004-4D2B-BB23-97AAA615EE45}.Debug|Any CPU.Build.0 = Debug|Any CPU
		{AD32BA3B-0004-4D2B-BB23-97AAA615EE45}.Release|Any CPU.ActiveCfg = Release|Any CPU
		{AD32BA3B-0004-4D2B-BB23-97AAA615EE45}.Release|Any CPU.Build.0 = Release|Any CPU
		{08FA2C45-1B5C-4413-8D32-56A5934BEB37}.Debug|Any CPU.ActiveCfg = Debug|Any CPU
		{08FA2C45-1B5C-4413-8D32-56A5934BEB37}.Debug|Any CPU.Build.0 = Debug|Any CPU
		{08FA2C45-1B5C-4413-8D32-56A5934BEB37}.Release|Any CPU.ActiveCfg = Release|Any CPU
		{08FA2C45-1B5C-4413-8D32-56A5934BEB37}.Release|Any CPU.Build.0 = Release|Any CPU
		{0C8A95E8-2357-4346-BD68-7A07D40B1589}.Debug|Any CPU.ActiveCfg = Debug|Any CPU
		{0C8A95E8-2357-4346-BD68-7A07D40B1589}.Debug|Any CPU.Build.0 = Debug|Any CPU
		{0C8A95E8-2357-4346-BD68-7A07D40B1589}.Release|Any CPU.ActiveCfg = Release|Any CPU
		{0C8A95E8-2357-4346-BD68-7A07D40B1589}.Release|Any CPU.Build.0 = Release|Any CPU
		{A9522F30-8481-47CC-B13B-2D0097D6EE65}.Debug|Any CPU.ActiveCfg = Debug|Any CPU
		{A9522F30-8481-47CC-B13B-2D0097D6EE65}.Debug|Any CPU.Build.0 = Debug|Any CPU
		{A9522F30-8481-47CC-B13B-2D0097D6EE65}.Release|Any CPU.ActiveCfg = Release|Any CPU
		{A9522F30-8481-47CC-B13B-2D0097D6EE65}.Release|Any CPU.Build.0 = Release|Any CPU
	EndGlobalSection
	GlobalSection(SolutionProperties) = preSolution
		HideSolutionNode = FALSE
	EndGlobalSection
EndGlobal
