
Microsoft Visual Studio Solution File, Format Version 12.00
# Visual Studio 2012
Project("{FAE04EC0-301F-11D3-BF4B-00C04F79EFBC}") = "01. CalculateShapeSurface", "01. CalculateShapeSurface\01. CalculateShapeSurface.csproj", "{9498B29A-AD4B-4158-8AF5-D116A770AF08}"
EndProject
Project("{FAE04EC0-301F-11D3-BF4B-00C04F79EFBC}") = "02. BankModel", "02. BankModel\02. BankModel.csproj", "{F3FB4F7D-A58C-47D7-BF5A-7D50100E407F}"
EndProject
Project("{FAE04EC0-301F-11D3-BF4B-00C04F79EFBC}") = "03. CustomException", "03. CustomException\03. CustomException.csproj", "{D2526A8A-A111-4DAB-8C8E-DBE41AA94D06}"
EndProject
Global
	GlobalSection(SolutionConfigurationPlatforms) = preSolution
		Debug|Any CPU = Debug|Any CPU
		Release|Any CPU = Release|Any CPU
	EndGlobalSection
	GlobalSection(ProjectConfigurationPlatforms) = postSolution
		{9498B29A-AD4B-4158-8AF5-D116A770AF08}.Debug|Any CPU.ActiveCfg = Debug|Any CPU
		{9498B29A-AD4B-4158-8AF5-D116A770AF08}.Debug|Any CPU.Build.0 = Debug|Any CPU
		{9498B29A-AD4B-4158-8AF5-D116A770AF08}.Release|Any CPU.ActiveCfg = Release|Any CPU
		{9498B29A-AD4B-4158-8AF5-D116A770AF08}.Release|Any CPU.Build.0 = Release|Any CPU
		{F3FB4F7D-A58C-47D7-BF5A-7D50100E407F}.Debug|Any CPU.ActiveCfg = Debug|Any CPU
		{F3FB4F7D-A58C-47D7-BF5A-7D50100E407F}.Debug|Any CPU.Build.0 = Debug|Any CPU
		{F3FB4F7D-A58C-47D7-BF5A-7D50100E407F}.Release|Any CPU.ActiveCfg = Release|Any CPU
		{F3FB4F7D-A58C-47D7-BF5A-7D50100E407F}.Release|Any CPU.Build.0 = Release|Any CPU
		{D2526A8A-A111-4DAB-8C8E-DBE41AA94D06}.Debug|Any CPU.ActiveCfg = Debug|Any CPU
		{D2526A8A-A111-4DAB-8C8E-DBE41AA94D06}.Debug|Any CPU.Build.0 = Debug|Any CPU
		{D2526A8A-A111-4DAB-8C8E-DBE41AA94D06}.Release|Any CPU.ActiveCfg = Release|Any CPU
		{D2526A8A-A111-4DAB-8C8E-DBE41AA94D06}.Release|Any CPU.Build.0 = Release|Any CPU
	EndGlobalSection
	GlobalSection(SolutionProperties) = preSolution
		HideSolutionNode = FALSE
	EndGlobalSection
EndGlobal
