
Microsoft Visual Studio Solution File, Format Version 12.00
# Visual Studio 2012
Project("{FAE04EC0-301F-11D3-BF4B-00C04F79EFBC}") = "ATM.Models", "ATM.Models\ATM.Models.csproj", "{BAD520FC-4498-4044-BFC4-CD98D714D13C}"
EndProject
Project("{FAE04EC0-301F-11D3-BF4B-00C04F79EFBC}") = "ATM.Client", "ATM.Client\ATM.Client.csproj", "{4C9D4037-7FBD-4CDF-B709-289BFB534CE6}"
EndProject
Global
	GlobalSection(SolutionConfigurationPlatforms) = preSolution
		Debug|Any CPU = Debug|Any CPU
		Release|Any CPU = Release|Any CPU
	EndGlobalSection
	GlobalSection(ProjectConfigurationPlatforms) = postSolution
		{BAD520FC-4498-4044-BFC4-CD98D714D13C}.Debug|Any CPU.ActiveCfg = Debug|Any CPU
		{BAD520FC-4498-4044-BFC4-CD98D714D13C}.Debug|Any CPU.Build.0 = Debug|Any CPU
		{BAD520FC-4498-4044-BFC4-CD98D714D13C}.Release|Any CPU.ActiveCfg = Release|Any CPU
		{BAD520FC-4498-4044-BFC4-CD98D714D13C}.Release|Any CPU.Build.0 = Release|Any CPU
		{4C9D4037-7FBD-4CDF-B709-289BFB534CE6}.Debug|Any CPU.ActiveCfg = Debug|Any CPU
		{4C9D4037-7FBD-4CDF-B709-289BFB534CE6}.Debug|Any CPU.Build.0 = Debug|Any CPU
		{4C9D4037-7FBD-4CDF-B709-289BFB534CE6}.Release|Any CPU.ActiveCfg = Release|Any CPU
		{4C9D4037-7FBD-4CDF-B709-289BFB534CE6}.Release|Any CPU.Build.0 = Release|Any CPU
	EndGlobalSection
	GlobalSection(SolutionProperties) = preSolution
		HideSolutionNode = FALSE
	EndGlobalSection
EndGlobal
