
Microsoft Visual Studio Solution File, Format Version 12.00
# Visual Studio 2012
Project("{FAE04EC0-301F-11D3-BF4B-00C04F79EFBC}") = "01. PrintingName", "01. PrintingName\01. PrintingName.csproj", "{63155F8D-8093-4D1E-98EC-593EF80751F2}"
EndProject
Project("{FAE04EC0-301F-11D3-BF4B-00C04F79EFBC}") = "01.PrintingName-Tests", "01.PrintingName-Tests\01.PrintingName-Tests.csproj", "{3A3A8341-2822-4EFD-9682-A55D9E629D4E}"
EndProject
Project("{FAE04EC0-301F-11D3-BF4B-00C04F79EFBC}") = "02.ObtainingMaxNumber", "02.ObtainingMaxNumber\02.ObtainingMaxNumber.csproj", "{68D34423-0B8C-4EC4-AB34-C58D01FAB22F}"
EndProject
Project("{FAE04EC0-301F-11D3-BF4B-00C04F79EFBC}") = "03. ReturningLastDigitName", "03. ReturningLastDigitName\03. ReturningLastDigitName.csproj", "{1C486C4A-E22A-4CC1-8B48-A4225D54761B}"
EndProject
Project("{FAE04EC0-301F-11D3-BF4B-00C04F79EFBC}") = "04. CountingOccurenceOfNumberInArray", "04. CountingOccurenceOfNumberInArray\04. CountingOccurenceOfNumberInArray.csproj", "{14254DCE-8652-4C88-8C09-8F0E07E038BA}"
EndProject
Project("{FAE04EC0-301F-11D3-BF4B-00C04F79EFBC}") = "04.CountingOccurenceOfNumberInArray-Tests", "04.CountingOccurenceOfNumberInArray-Tests\04.CountingOccurenceOfNumberInArray-Tests.csproj", "{2558F833-343F-4F88-9FB6-EAA73017344A}"
EndProject
Project("{FAE04EC0-301F-11D3-BF4B-00C04F79EFBC}") = "05.CheckingDifferenceBetweenArrayElements", "06.CheckingDifferenceBetweenArrayElements\05.CheckingDifferenceBetweenArrayElements.csproj", "{3193EEE3-B3E4-408C-8973-6133B5119430}"
EndProject
Project("{FAE04EC0-301F-11D3-BF4B-00C04F79EFBC}") = "06. FindingFirstBiggerElementInArray", "06. FindingFirstBiggerElementInArray\06. FindingFirstBiggerElementInArray.csproj", "{0030F66A-2806-4DD1-9F0B-E66D89FB7424}"
EndProject
Project("{FAE04EC0-301F-11D3-BF4B-00C04F79EFBC}") = "07.ReversingDigits", "07.ReversingDigits\07.ReversingDigits.csproj", "{D5ECCAD6-6AB6-412D-9F5E-B18956E9D7A6}"
EndProject
Project("{FAE04EC0-301F-11D3-BF4B-00C04F79EFBC}") = "08.AddingNumbersWithArrays", "08.AddingNumbersWithArrays\08.AddingNumbersWithArrays.csproj", "{4C33887A-BE69-4253-9CC3-2E86B3746F45}"
EndProject
Project("{FAE04EC0-301F-11D3-BF4B-00C04F79EFBC}") = "09.GettingMaxElementAndSortingArray", "09.GettingMaxElementAndSortingArray\09.GettingMaxElementAndSortingArray.csproj", "{A56B85F7-C6EB-4FE1-AE93-74B8E72F58C6}"
EndProject
Project("{FAE04EC0-301F-11D3-BF4B-00C04F79EFBC}") = "13. MultiTaskingCalculator", "13. MultiTaskingCalculator\13. MultiTaskingCalculator.csproj", "{8D470FAC-93BC-4490-A2B0-A299402B858D}"
EndProject
Project("{FAE04EC0-301F-11D3-BF4B-00C04F79EFBC}") = "10.FindingFactorial", "10.FindingFactorial\10.FindingFactorial.csproj", "{0FD68288-15E5-4900-B111-0E6694CA8503}"
EndProject
Project("{FAE04EC0-301F-11D3-BF4B-00C04F79EFBC}") = "11.AddingPolinomials", "11.AddingPolinomials\11.AddingPolinomials.csproj", "{11C2E086-699F-4EA3-A8C2-C9853A994D6A}"
EndProject
Project("{FAE04EC0-301F-11D3-BF4B-00C04F79EFBC}") = "12.OperationsWithPolinomials", "12.OperationsWithPolinomials\12.OperationsWithPolinomials.csproj", "{66E376B2-28DB-46C6-B633-068CF91B8B7C}"
EndProject
Project("{FAE04EC0-301F-11D3-BF4B-00C04F79EFBC}") = "14. UsingVariableNumberOfArgOfMethod", "14. UsingVariableNumberOfArgOfMethod\14. UsingVariableNumberOfArgOfMethod.csproj", "{678BC0C1-9BD8-44F9-82B4-833682127EC3}"
EndProject
Global
	GlobalSection(SolutionConfigurationPlatforms) = preSolution
		Debug|Any CPU = Debug|Any CPU
		Release|Any CPU = Release|Any CPU
	EndGlobalSection
	GlobalSection(ProjectConfigurationPlatforms) = postSolution
		{63155F8D-8093-4D1E-98EC-593EF80751F2}.Debug|Any CPU.ActiveCfg = Debug|Any CPU
		{63155F8D-8093-4D1E-98EC-593EF80751F2}.Debug|Any CPU.Build.0 = Debug|Any CPU
		{63155F8D-8093-4D1E-98EC-593EF80751F2}.Release|Any CPU.ActiveCfg = Release|Any CPU
		{63155F8D-8093-4D1E-98EC-593EF80751F2}.Release|Any CPU.Build.0 = Release|Any CPU
		{3A3A8341-2822-4EFD-9682-A55D9E629D4E}.Debug|Any CPU.ActiveCfg = Debug|Any CPU
		{3A3A8341-2822-4EFD-9682-A55D9E629D4E}.Debug|Any CPU.Build.0 = Debug|Any CPU
		{3A3A8341-2822-4EFD-9682-A55D9E629D4E}.Release|Any CPU.ActiveCfg = Release|Any CPU
		{3A3A8341-2822-4EFD-9682-A55D9E629D4E}.Release|Any CPU.Build.0 = Release|Any CPU
		{68D34423-0B8C-4EC4-AB34-C58D01FAB22F}.Debug|Any CPU.ActiveCfg = Debug|Any CPU
		{68D34423-0B8C-4EC4-AB34-C58D01FAB22F}.Debug|Any CPU.Build.0 = Debug|Any CPU
		{68D34423-0B8C-4EC4-AB34-C58D01FAB22F}.Release|Any CPU.ActiveCfg = Release|Any CPU
		{68D34423-0B8C-4EC4-AB34-C58D01FAB22F}.Release|Any CPU.Build.0 = Release|Any CPU
		{1C486C4A-E22A-4CC1-8B48-A4225D54761B}.Debug|Any CPU.ActiveCfg = Debug|Any CPU
		{1C486C4A-E22A-4CC1-8B48-A4225D54761B}.Debug|Any CPU.Build.0 = Debug|Any CPU
		{1C486C4A-E22A-4CC1-8B48-A4225D54761B}.Release|Any CPU.ActiveCfg = Release|Any CPU
		{1C486C4A-E22A-4CC1-8B48-A4225D54761B}.Release|Any CPU.Build.0 = Release|Any CPU
		{14254DCE-8652-4C88-8C09-8F0E07E038BA}.Debug|Any CPU.ActiveCfg = Debug|Any CPU
		{14254DCE-8652-4C88-8C09-8F0E07E038BA}.Debug|Any CPU.Build.0 = Debug|Any CPU
		{14254DCE-8652-4C88-8C09-8F0E07E038BA}.Release|Any CPU.ActiveCfg = Release|Any CPU
		{14254DCE-8652-4C88-8C09-8F0E07E038BA}.Release|Any CPU.Build.0 = Release|Any CPU
		{2558F833-343F-4F88-9FB6-EAA73017344A}.Debug|Any CPU.ActiveCfg = Debug|Any CPU
		{2558F833-343F-4F88-9FB6-EAA73017344A}.Debug|Any CPU.Build.0 = Debug|Any CPU
		{2558F833-343F-4F88-9FB6-EAA73017344A}.Release|Any CPU.ActiveCfg = Release|Any CPU
		{2558F833-343F-4F88-9FB6-EAA73017344A}.Release|Any CPU.Build.0 = Release|Any CPU
		{3193EEE3-B3E4-408C-8973-6133B5119430}.Debug|Any CPU.ActiveCfg = Debug|Any CPU
		{3193EEE3-B3E4-408C-8973-6133B5119430}.Debug|Any CPU.Build.0 = Debug|Any CPU
		{3193EEE3-B3E4-408C-8973-6133B5119430}.Release|Any CPU.ActiveCfg = Release|Any CPU
		{3193EEE3-B3E4-408C-8973-6133B5119430}.Release|Any CPU.Build.0 = Release|Any CPU
		{0030F66A-2806-4DD1-9F0B-E66D89FB7424}.Debug|Any CPU.ActiveCfg = Debug|Any CPU
		{0030F66A-2806-4DD1-9F0B-E66D89FB7424}.Debug|Any CPU.Build.0 = Debug|Any CPU
		{0030F66A-2806-4DD1-9F0B-E66D89FB7424}.Release|Any CPU.ActiveCfg = Release|Any CPU
		{0030F66A-2806-4DD1-9F0B-E66D89FB7424}.Release|Any CPU.Build.0 = Release|Any CPU
		{D5ECCAD6-6AB6-412D-9F5E-B18956E9D7A6}.Debug|Any CPU.ActiveCfg = Debug|Any CPU
		{D5ECCAD6-6AB6-412D-9F5E-B18956E9D7A6}.Debug|Any CPU.Build.0 = Debug|Any CPU
		{D5ECCAD6-6AB6-412D-9F5E-B18956E9D7A6}.Release|Any CPU.ActiveCfg = Release|Any CPU
		{D5ECCAD6-6AB6-412D-9F5E-B18956E9D7A6}.Release|Any CPU.Build.0 = Release|Any CPU
		{4C33887A-BE69-4253-9CC3-2E86B3746F45}.Debug|Any CPU.ActiveCfg = Debug|Any CPU
		{4C33887A-BE69-4253-9CC3-2E86B3746F45}.Debug|Any CPU.Build.0 = Debug|Any CPU
		{4C33887A-BE69-4253-9CC3-2E86B3746F45}.Release|Any CPU.ActiveCfg = Release|Any CPU
		{4C33887A-BE69-4253-9CC3-2E86B3746F45}.Release|Any CPU.Build.0 = Release|Any CPU
		{A56B85F7-C6EB-4FE1-AE93-74B8E72F58C6}.Debug|Any CPU.ActiveCfg = Debug|Any CPU
		{A56B85F7-C6EB-4FE1-AE93-74B8E72F58C6}.Debug|Any CPU.Build.0 = Debug|Any CPU
		{A56B85F7-C6EB-4FE1-AE93-74B8E72F58C6}.Release|Any CPU.ActiveCfg = Release|Any CPU
		{A56B85F7-C6EB-4FE1-AE93-74B8E72F58C6}.Release|Any CPU.Build.0 = Release|Any CPU
		{8D470FAC-93BC-4490-A2B0-A299402B858D}.Debug|Any CPU.ActiveCfg = Debug|Any CPU
		{8D470FAC-93BC-4490-A2B0-A299402B858D}.Debug|Any CPU.Build.0 = Debug|Any CPU
		{8D470FAC-93BC-4490-A2B0-A299402B858D}.Release|Any CPU.ActiveCfg = Release|Any CPU
		{8D470FAC-93BC-4490-A2B0-A299402B858D}.Release|Any CPU.Build.0 = Release|Any CPU
		{0FD68288-15E5-4900-B111-0E6694CA8503}.Debug|Any CPU.ActiveCfg = Debug|Any CPU
		{0FD68288-15E5-4900-B111-0E6694CA8503}.Debug|Any CPU.Build.0 = Debug|Any CPU
		{0FD68288-15E5-4900-B111-0E6694CA8503}.Release|Any CPU.ActiveCfg = Release|Any CPU
		{0FD68288-15E5-4900-B111-0E6694CA8503}.Release|Any CPU.Build.0 = Release|Any CPU
		{11C2E086-699F-4EA3-A8C2-C9853A994D6A}.Debug|Any CPU.ActiveCfg = Debug|Any CPU
		{11C2E086-699F-4EA3-A8C2-C9853A994D6A}.Debug|Any CPU.Build.0 = Debug|Any CPU
		{11C2E086-699F-4EA3-A8C2-C9853A994D6A}.Release|Any CPU.ActiveCfg = Release|Any CPU
		{11C2E086-699F-4EA3-A8C2-C9853A994D6A}.Release|Any CPU.Build.0 = Release|Any CPU
		{66E376B2-28DB-46C6-B633-068CF91B8B7C}.Debug|Any CPU.ActiveCfg = Debug|Any CPU
		{66E376B2-28DB-46C6-B633-068CF91B8B7C}.Debug|Any CPU.Build.0 = Debug|Any CPU
		{66E376B2-28DB-46C6-B633-068CF91B8B7C}.Release|Any CPU.ActiveCfg = Release|Any CPU
		{66E376B2-28DB-46C6-B633-068CF91B8B7C}.Release|Any CPU.Build.0 = Release|Any CPU
		{678BC0C1-9BD8-44F9-82B4-833682127EC3}.Debug|Any CPU.ActiveCfg = Debug|Any CPU
		{678BC0C1-9BD8-44F9-82B4-833682127EC3}.Debug|Any CPU.Build.0 = Debug|Any CPU
		{678BC0C1-9BD8-44F9-82B4-833682127EC3}.Release|Any CPU.ActiveCfg = Release|Any CPU
		{678BC0C1-9BD8-44F9-82B4-833682127EC3}.Release|Any CPU.Build.0 = Release|Any CPU
	EndGlobalSection
	GlobalSection(SolutionProperties) = preSolution
		HideSolutionNode = FALSE
	EndGlobalSection
EndGlobal
