
Microsoft Visual Studio Solution File, Format Version 12.00
# Visual Studio 2012
Project("{FAE04EC0-301F-11D3-BF4B-00C04F79EFBC}") = "01. SchoolRepresentation", "01. SchoolRepresentation\01. SchoolRepresentation.csproj", "{096F533C-E516-45F5-B74E-167464CE2987}"
EndProject
Project("{FAE04EC0-301F-11D3-BF4B-00C04F79EFBC}") = "02. HumanRepresentation", "02. HumanRepresentation\02. HumanRepresentation.csproj", "{CE7ED2EC-DEBC-4431-A3D8-C070D5901CCF}"
EndProject
Project("{FAE04EC0-301F-11D3-BF4B-00C04F79EFBC}") = "03. AnimalRepresentation", "03. AnimalRepresentation\03. AnimalRepresentation.csproj", "{3518EA45-F8D7-42A8-9809-4AB17BA3030C}"
EndProject
Global
	GlobalSection(SolutionConfigurationPlatforms) = preSolution
		Debug|Any CPU = Debug|Any CPU
		Release|Any CPU = Release|Any CPU
	EndGlobalSection
	GlobalSection(ProjectConfigurationPlatforms) = postSolution
		{096F533C-E516-45F5-B74E-167464CE2987}.Debug|Any CPU.ActiveCfg = Debug|Any CPU
		{096F533C-E516-45F5-B74E-167464CE2987}.Debug|Any CPU.Build.0 = Debug|Any CPU
		{096F533C-E516-45F5-B74E-167464CE2987}.Release|Any CPU.ActiveCfg = Release|Any CPU
		{096F533C-E516-45F5-B74E-167464CE2987}.Release|Any CPU.Build.0 = Release|Any CPU
		{CE7ED2EC-DEBC-4431-A3D8-C070D5901CCF}.Debug|Any CPU.ActiveCfg = Debug|Any CPU
		{CE7ED2EC-DEBC-4431-A3D8-C070D5901CCF}.Debug|Any CPU.Build.0 = Debug|Any CPU
		{CE7ED2EC-DEBC-4431-A3D8-C070D5901CCF}.Release|Any CPU.ActiveCfg = Release|Any CPU
		{CE7ED2EC-DEBC-4431-A3D8-C070D5901CCF}.Release|Any CPU.Build.0 = Release|Any CPU
		{3518EA45-F8D7-42A8-9809-4AB17BA3030C}.Debug|Any CPU.ActiveCfg = Debug|Any CPU
		{3518EA45-F8D7-42A8-9809-4AB17BA3030C}.Debug|Any CPU.Build.0 = Debug|Any CPU
		{3518EA45-F8D7-42A8-9809-4AB17BA3030C}.Release|Any CPU.ActiveCfg = Release|Any CPU
		{3518EA45-F8D7-42A8-9809-4AB17BA3030C}.Release|Any CPU.Build.0 = Release|Any CPU
	EndGlobalSection
	GlobalSection(SolutionProperties) = preSolution
		HideSolutionNode = FALSE
	EndGlobalSection
EndGlobal
