
Microsoft Visual Studio Solution File, Format Version 12.00
# Visual Studio 2012
Project("{FAE04EC0-301F-11D3-BF4B-00C04F79EFBC}") = "01. StudentReader", "06. DataStructuresEfficiency\01. StudentReader.csproj", "{CB7441E2-0AC8-4D01-A89B-467B0E10C13D}"
EndProject
Project("{FAE04EC0-301F-11D3-BF4B-00C04F79EFBC}") = "02. ArticalManagement", "02. ArticalManagement\02. ArticalManagement.csproj", "{A973B11B-FE68-49E3-8805-7EC6C8B5D64F}"
EndProject
Project("{FAE04EC0-301F-11D3-BF4B-00C04F79EFBC}") = "03. ImplementingBiDictionary", "03. ImplementingBiDictionary\03. ImplementingBiDictionary.csproj", "{03241EEB-EB0E-4AB4-B7E5-0F92A42A132F}"
EndProject
Global
	GlobalSection(SolutionConfigurationPlatforms) = preSolution
		Debug|Any CPU = Debug|Any CPU
		Release|Any CPU = Release|Any CPU
	EndGlobalSection
	GlobalSection(ProjectConfigurationPlatforms) = postSolution
		{CB7441E2-0AC8-4D01-A89B-467B0E10C13D}.Debug|Any CPU.ActiveCfg = Debug|Any CPU
		{CB7441E2-0AC8-4D01-A89B-467B0E10C13D}.Debug|Any CPU.Build.0 = Debug|Any CPU
		{CB7441E2-0AC8-4D01-A89B-467B0E10C13D}.Release|Any CPU.ActiveCfg = Release|Any CPU
		{CB7441E2-0AC8-4D01-A89B-467B0E10C13D}.Release|Any CPU.Build.0 = Release|Any CPU
		{A973B11B-FE68-49E3-8805-7EC6C8B5D64F}.Debug|Any CPU.ActiveCfg = Debug|Any CPU
		{A973B11B-FE68-49E3-8805-7EC6C8B5D64F}.Debug|Any CPU.Build.0 = Debug|Any CPU
		{A973B11B-FE68-49E3-8805-7EC6C8B5D64F}.Release|Any CPU.ActiveCfg = Release|Any CPU
		{A973B11B-FE68-49E3-8805-7EC6C8B5D64F}.Release|Any CPU.Build.0 = Release|Any CPU
		{03241EEB-EB0E-4AB4-B7E5-0F92A42A132F}.Debug|Any CPU.ActiveCfg = Debug|Any CPU
		{03241EEB-EB0E-4AB4-B7E5-0F92A42A132F}.Debug|Any CPU.Build.0 = Debug|Any CPU
		{03241EEB-EB0E-4AB4-B7E5-0F92A42A132F}.Release|Any CPU.ActiveCfg = Release|Any CPU
		{03241EEB-EB0E-4AB4-B7E5-0F92A42A132F}.Release|Any CPU.Build.0 = Release|Any CPU
	EndGlobalSection
	GlobalSection(SolutionProperties) = preSolution
		HideSolutionNode = FALSE
	EndGlobalSection
EndGlobal
