
Microsoft Visual Studio Solution File, Format Version 12.00
# Visual Studio 2012
Project("{FAE04EC0-301F-11D3-BF4B-00C04F79EFBC}") = "01. CheckingIntegerForOddOrEven", "01. CheckingIntegerForOddOrEven\01. CheckingIntegerForOddOrEven.csproj", "{FA553200-29FD-4C59-A599-72A47DF28C9E}"
EndProject
Project("{FAE04EC0-301F-11D3-BF4B-00C04F79EFBC}") = "02. BooleanCheckingOnNumbersNominators", "02. BooleanCheckingOnNumbersNominators\02. BooleanCheckingOnNumbersNominators.csproj", "{770D90EA-302D-4A49-B62B-34DA3DDE3AF7}"
EndProject
Project("{FAE04EC0-301F-11D3-BF4B-00C04F79EFBC}") = "03. Calculate RectangleArea", "03. Calculate RectangleArea\03. Calculate RectangleArea.csproj", "{3229A9D2-6DA1-402D-9404-839632370203}"
EndProject
Project("{FAE04EC0-301F-11D3-BF4B-00C04F79EFBC}") = "04. CheckingForThirdDigitValue", "04. CheckingForThirdDigitValue\04. CheckingForThirdDigitValue.csproj", "{65B7FF47-AAFE-40F4-8BD2-049ED94EBBAD}"
EndProject
Project("{FAE04EC0-301F-11D3-BF4B-00C04F79EFBC}") = "05. CheckingtheThirdBitValue", "05. CheckingIftheThirdBitIsOne\05. CheckingtheThirdBitValue.csproj", "{4F5BAC20-4FFA-4B62-9360-E9FC7112F7E1}"
EndProject
Project("{FAE04EC0-301F-11D3-BF4B-00C04F79EFBC}") = "06. CheckIfPointIsInCitrcle", "06. CheckIfPointIsInCitrcle\06. CheckIfPointIsInCitrcle.csproj", "{817DFF1A-075A-4ACC-82DF-70BF5566F5D0}"
EndProject
Project("{FAE04EC0-301F-11D3-BF4B-00C04F79EFBC}") = "07.CheckIfNumberIsPrime", "07.CheckIfNumberIsPrime\07.CheckIfNumberIsPrime.csproj", "{51D122FF-A37E-4CFD-B0B7-AB811F90DD7D}"
EndProject
Project("{FAE04EC0-301F-11D3-BF4B-00C04F79EFBC}") = "08. CalculatingTrapezoitArea", "08. CalculatingTrapezoitArea\08. CalculatingTrapezoitArea.csproj", "{34C559DB-3300-4ECA-9BE0-3BDCB413D37B}"
EndProject
Project("{FAE04EC0-301F-11D3-BF4B-00C04F79EFBC}") = "09. CheckingIfPointIsInsideFigures", "09. CheckingIfPointIsInsideFigures\09. CheckingIfPointIsInsideFigures.csproj", "{A443B81C-154A-410B-BE62-20BADF20D07B}"
EndProject
Project("{FAE04EC0-301F-11D3-BF4B-00C04F79EFBC}") = "10.BoolCheckingBitValueOnGivenPossition", "10.CheckingBitValueOnGivenPossition\10.BoolCheckingBitValueOnGivenPossition.csproj", "{26033DD0-F6D5-4C39-AB4B-FC58BCF80A1C}"
EndProject
Project("{FAE04EC0-301F-11D3-BF4B-00C04F79EFBC}") = "11.CheckingBitValueItIsOneOrZero", "11.CheckingBitValueIsOneOrZero\11.CheckingBitValueItIsOneOrZero.csproj", "{8B3D78C9-7514-4F7D-85B8-E61CAE228927}"
EndProject
Project("{FAE04EC0-301F-11D3-BF4B-00C04F79EFBC}") = "12.SequenceOfOpperatorsToModifyNumber", "12.SequenceOfOpperatorsToModifyNumber\12.SequenceOfOpperatorsToModifyNumber.csproj", "{2F8122B0-DDCC-4D78-AFCE-492188D99D1E}"
EndProject
Project("{FAE04EC0-301F-11D3-BF4B-00C04F79EFBC}") = "13.SwapingBitValues", "13.SwapingBitValues\13.SwapingBitValues.csproj", "{4DC7E4C7-BA16-436B-8778-A3F0D535D056}"
EndProject
Project("{FAE04EC0-301F-11D3-BF4B-00C04F79EFBC}") = "14.ProgramThatSwapsNBits", "14.ProgramThatSwapsNBits\14.ProgramThatSwapsNBits.csproj", "{24903AE8-3038-468F-B942-3715D2AD1586}"
EndProject
Global
	GlobalSection(SolutionConfigurationPlatforms) = preSolution
		Debug|Any CPU = Debug|Any CPU
		Release|Any CPU = Release|Any CPU
	EndGlobalSection
	GlobalSection(ProjectConfigurationPlatforms) = postSolution
		{FA553200-29FD-4C59-A599-72A47DF28C9E}.Debug|Any CPU.ActiveCfg = Debug|Any CPU
		{FA553200-29FD-4C59-A599-72A47DF28C9E}.Debug|Any CPU.Build.0 = Debug|Any CPU
		{FA553200-29FD-4C59-A599-72A47DF28C9E}.Release|Any CPU.ActiveCfg = Release|Any CPU
		{FA553200-29FD-4C59-A599-72A47DF28C9E}.Release|Any CPU.Build.0 = Release|Any CPU
		{770D90EA-302D-4A49-B62B-34DA3DDE3AF7}.Debug|Any CPU.ActiveCfg = Debug|Any CPU
		{770D90EA-302D-4A49-B62B-34DA3DDE3AF7}.Debug|Any CPU.Build.0 = Debug|Any CPU
		{770D90EA-302D-4A49-B62B-34DA3DDE3AF7}.Release|Any CPU.ActiveCfg = Release|Any CPU
		{770D90EA-302D-4A49-B62B-34DA3DDE3AF7}.Release|Any CPU.Build.0 = Release|Any CPU
		{3229A9D2-6DA1-402D-9404-839632370203}.Debug|Any CPU.ActiveCfg = Debug|Any CPU
		{3229A9D2-6DA1-402D-9404-839632370203}.Debug|Any CPU.Build.0 = Debug|Any CPU
		{3229A9D2-6DA1-402D-9404-839632370203}.Release|Any CPU.ActiveCfg = Release|Any CPU
		{3229A9D2-6DA1-402D-9404-839632370203}.Release|Any CPU.Build.0 = Release|Any CPU
		{65B7FF47-AAFE-40F4-8BD2-049ED94EBBAD}.Debug|Any CPU.ActiveCfg = Debug|Any CPU
		{65B7FF47-AAFE-40F4-8BD2-049ED94EBBAD}.Debug|Any CPU.Build.0 = Debug|Any CPU
		{65B7FF47-AAFE-40F4-8BD2-049ED94EBBAD}.Release|Any CPU.ActiveCfg = Release|Any CPU
		{65B7FF47-AAFE-40F4-8BD2-049ED94EBBAD}.Release|Any CPU.Build.0 = Release|Any CPU
		{4F5BAC20-4FFA-4B62-9360-E9FC7112F7E1}.Debug|Any CPU.ActiveCfg = Debug|Any CPU
		{4F5BAC20-4FFA-4B62-9360-E9FC7112F7E1}.Debug|Any CPU.Build.0 = Debug|Any CPU
		{4F5BAC20-4FFA-4B62-9360-E9FC7112F7E1}.Release|Any CPU.ActiveCfg = Release|Any CPU
		{4F5BAC20-4FFA-4B62-9360-E9FC7112F7E1}.Release|Any CPU.Build.0 = Release|Any CPU
		{817DFF1A-075A-4ACC-82DF-70BF5566F5D0}.Debug|Any CPU.ActiveCfg = Debug|Any CPU
		{817DFF1A-075A-4ACC-82DF-70BF5566F5D0}.Debug|Any CPU.Build.0 = Debug|Any CPU
		{817DFF1A-075A-4ACC-82DF-70BF5566F5D0}.Release|Any CPU.ActiveCfg = Release|Any CPU
		{817DFF1A-075A-4ACC-82DF-70BF5566F5D0}.Release|Any CPU.Build.0 = Release|Any CPU
		{51D122FF-A37E-4CFD-B0B7-AB811F90DD7D}.Debug|Any CPU.ActiveCfg = Debug|Any CPU
		{51D122FF-A37E-4CFD-B0B7-AB811F90DD7D}.Debug|Any CPU.Build.0 = Debug|Any CPU
		{51D122FF-A37E-4CFD-B0B7-AB811F90DD7D}.Release|Any CPU.ActiveCfg = Release|Any CPU
		{51D122FF-A37E-4CFD-B0B7-AB811F90DD7D}.Release|Any CPU.Build.0 = Release|Any CPU
		{34C559DB-3300-4ECA-9BE0-3BDCB413D37B}.Debug|Any CPU.ActiveCfg = Debug|Any CPU
		{34C559DB-3300-4ECA-9BE0-3BDCB413D37B}.Debug|Any CPU.Build.0 = Debug|Any CPU
		{34C559DB-3300-4ECA-9BE0-3BDCB413D37B}.Release|Any CPU.ActiveCfg = Release|Any CPU
		{34C559DB-3300-4ECA-9BE0-3BDCB413D37B}.Release|Any CPU.Build.0 = Release|Any CPU
		{A443B81C-154A-410B-BE62-20BADF20D07B}.Debug|Any CPU.ActiveCfg = Debug|Any CPU
		{A443B81C-154A-410B-BE62-20BADF20D07B}.Debug|Any CPU.Build.0 = Debug|Any CPU
		{A443B81C-154A-410B-BE62-20BADF20D07B}.Release|Any CPU.ActiveCfg = Release|Any CPU
		{A443B81C-154A-410B-BE62-20BADF20D07B}.Release|Any CPU.Build.0 = Release|Any CPU
		{26033DD0-F6D5-4C39-AB4B-FC58BCF80A1C}.Debug|Any CPU.ActiveCfg = Debug|Any CPU
		{26033DD0-F6D5-4C39-AB4B-FC58BCF80A1C}.Debug|Any CPU.Build.0 = Debug|Any CPU
		{26033DD0-F6D5-4C39-AB4B-FC58BCF80A1C}.Release|Any CPU.ActiveCfg = Release|Any CPU
		{26033DD0-F6D5-4C39-AB4B-FC58BCF80A1C}.Release|Any CPU.Build.0 = Release|Any CPU
		{8B3D78C9-7514-4F7D-85B8-E61CAE228927}.Debug|Any CPU.ActiveCfg = Debug|Any CPU
		{8B3D78C9-7514-4F7D-85B8-E61CAE228927}.Debug|Any CPU.Build.0 = Debug|Any CPU
		{8B3D78C9-7514-4F7D-85B8-E61CAE228927}.Release|Any CPU.ActiveCfg = Release|Any CPU
		{8B3D78C9-7514-4F7D-85B8-E61CAE228927}.Release|Any CPU.Build.0 = Release|Any CPU
		{2F8122B0-DDCC-4D78-AFCE-492188D99D1E}.Debug|Any CPU.ActiveCfg = Debug|Any CPU
		{2F8122B0-DDCC-4D78-AFCE-492188D99D1E}.Debug|Any CPU.Build.0 = Debug|Any CPU
		{2F8122B0-DDCC-4D78-AFCE-492188D99D1E}.Release|Any CPU.ActiveCfg = Release|Any CPU
		{2F8122B0-DDCC-4D78-AFCE-492188D99D1E}.Release|Any CPU.Build.0 = Release|Any CPU
		{4DC7E4C7-BA16-436B-8778-A3F0D535D056}.Debug|Any CPU.ActiveCfg = Debug|Any CPU
		{4DC7E4C7-BA16-436B-8778-A3F0D535D056}.Debug|Any CPU.Build.0 = Debug|Any CPU
		{4DC7E4C7-BA16-436B-8778-A3F0D535D056}.Release|Any CPU.ActiveCfg = Release|Any CPU
		{4DC7E4C7-BA16-436B-8778-A3F0D535D056}.Release|Any CPU.Build.0 = Release|Any CPU
		{24903AE8-3038-468F-B942-3715D2AD1586}.Debug|Any CPU.ActiveCfg = Debug|Any CPU
		{24903AE8-3038-468F-B942-3715D2AD1586}.Debug|Any CPU.Build.0 = Debug|Any CPU
		{24903AE8-3038-468F-B942-3715D2AD1586}.Release|Any CPU.ActiveCfg = Release|Any CPU
		{24903AE8-3038-468F-B942-3715D2AD1586}.Release|Any CPU.Build.0 = Release|Any CPU
	EndGlobalSection
	GlobalSection(SolutionProperties) = preSolution
		HideSolutionNode = FALSE
	EndGlobalSection
EndGlobal
