
Microsoft Visual Studio Solution File, Format Version 12.00
# Visual Studio 2012
Project("{FAE04EC0-301F-11D3-BF4B-00C04F79EFBC}") = "1.WCFServiceCalendar", "WCFServiceCalendar\1.WCFServiceCalendar.csproj", "{79CC2566-C001-4ADC-9741-915DF12B4D6C}"
EndProject
Project("{FAE04EC0-301F-11D3-BF4B-00C04F79EFBC}") = "2.CalendarViewer", "CalendarViewer\2.CalendarViewer.csproj", "{B4F11F00-C6C2-4B5A-BFD4-5E92D4C825C0}"
EndProject
Project("{FAE04EC0-301F-11D3-BF4B-00C04F79EFBC}") = "5.WordOccurenceClient", "WordOccurenceClient\5.WordOccurenceClient.csproj", "{68294B0F-3D92-4EA5-93C7-AA8C6E5ED7E8}"
EndProject
Project("{FAE04EC0-301F-11D3-BF4B-00C04F79EFBC}") = "3.WordCounter.Library", "WordCounter\3.WordCounter.Library.csproj", "{15B3E0D2-6217-493A-A690-158C497F5318}"
EndProject
Global
	GlobalSection(SolutionConfigurationPlatforms) = preSolution
		Debug|Any CPU = Debug|Any CPU
		Release|Any CPU = Release|Any CPU
	EndGlobalSection
	GlobalSection(ProjectConfigurationPlatforms) = postSolution
		{79CC2566-C001-4ADC-9741-915DF12B4D6C}.Debug|Any CPU.ActiveCfg = Debug|Any CPU
		{79CC2566-C001-4ADC-9741-915DF12B4D6C}.Debug|Any CPU.Build.0 = Debug|Any CPU
		{79CC2566-C001-4ADC-9741-915DF12B4D6C}.Release|Any CPU.ActiveCfg = Release|Any CPU
		{79CC2566-C001-4ADC-9741-915DF12B4D6C}.Release|Any CPU.Build.0 = Release|Any CPU
		{B4F11F00-C6C2-4B5A-BFD4-5E92D4C825C0}.Debug|Any CPU.ActiveCfg = Debug|Any CPU
		{B4F11F00-C6C2-4B5A-BFD4-5E92D4C825C0}.Debug|Any CPU.Build.0 = Debug|Any CPU
		{B4F11F00-C6C2-4B5A-BFD4-5E92D4C825C0}.Release|Any CPU.ActiveCfg = Release|Any CPU
		{B4F11F00-C6C2-4B5A-BFD4-5E92D4C825C0}.Release|Any CPU.Build.0 = Release|Any CPU
		{68294B0F-3D92-4EA5-93C7-AA8C6E5ED7E8}.Debug|Any CPU.ActiveCfg = Debug|Any CPU
		{68294B0F-3D92-4EA5-93C7-AA8C6E5ED7E8}.Debug|Any CPU.Build.0 = Debug|Any CPU
		{68294B0F-3D92-4EA5-93C7-AA8C6E5ED7E8}.Release|Any CPU.ActiveCfg = Release|Any CPU
		{68294B0F-3D92-4EA5-93C7-AA8C6E5ED7E8}.Release|Any CPU.Build.0 = Release|Any CPU
		{15B3E0D2-6217-493A-A690-158C497F5318}.Debug|Any CPU.ActiveCfg = Debug|Any CPU
		{15B3E0D2-6217-493A-A690-158C497F5318}.Debug|Any CPU.Build.0 = Debug|Any CPU
		{15B3E0D2-6217-493A-A690-158C497F5318}.Release|Any CPU.ActiveCfg = Release|Any CPU
		{15B3E0D2-6217-493A-A690-158C497F5318}.Release|Any CPU.Build.0 = Release|Any CPU
	EndGlobalSection
	GlobalSection(SolutionProperties) = preSolution
		HideSolutionNode = FALSE
	EndGlobalSection
EndGlobal
