
Microsoft Visual Studio Solution File, Format Version 12.00
# Visual Studio 2012
Project("{FAE04EC0-301F-11D3-BF4B-00C04F79EFBC}") = "Bookstore.Models", "Bookstore.Models\Bookstore.Models.csproj", "{8C170F7F-DCF0-42C3-AC2A-0C7EB1589915}"
EndProject
Project("{FAE04EC0-301F-11D3-BF4B-00C04F79EFBC}") = "03. SimpleXMLImporter", "03. SimpleXMLImporter\03. SimpleXMLImporter.csproj", "{B55B0EA1-A844-4D60-B8AD-EA5AA3E9C06A}"
EndProject
Project("{FAE04EC0-301F-11D3-BF4B-00C04F79EFBC}") = "04. ComplexXMLImporter", "04. ComplexXMLImporter\04. ComplexXMLImporter.csproj", "{EF59123A-C9E2-4751-8748-E2D3981715CC}"
EndProject
Project("{FAE04EC0-301F-11D3-BF4B-00C04F79EFBC}") = "05. SimpleSearchForBooks", "05. SimpleSearchForBooks\05. SimpleSearchForBooks.csproj", "{FD3F5433-DD80-4DE0-B8E6-32D223978DCA}"
EndProject
Project("{FAE04EC0-301F-11D3-BF4B-00C04F79EFBC}") = "06. ComplexSearching", "06. ComplexSearching\06. ComplexSearching.csproj", "{0483FEE2-C59C-4326-8BB1-E7376E4651D7}"
EndProject
Project("{FAE04EC0-301F-11D3-BF4B-00C04F79EFBC}") = "Log.Models", "Log.Models\Log.Models.csproj", "{A9DADE79-EEB3-43D8-BD40-BF3FA25D72D4}"
EndProject
Project("{FAE04EC0-301F-11D3-BF4B-00C04F79EFBC}") = "Log.Data", "Log.Data\Log.Data.csproj", "{78060706-3097-4B34-8881-B0DE5BFBC32B}"
EndProject
Global
	GlobalSection(SolutionConfigurationPlatforms) = preSolution
		Debug|Any CPU = Debug|Any CPU
		Release|Any CPU = Release|Any CPU
	EndGlobalSection
	GlobalSection(ProjectConfigurationPlatforms) = postSolution
		{8C170F7F-DCF0-42C3-AC2A-0C7EB1589915}.Debug|Any CPU.ActiveCfg = Debug|Any CPU
		{8C170F7F-DCF0-42C3-AC2A-0C7EB1589915}.Debug|Any CPU.Build.0 = Debug|Any CPU
		{8C170F7F-DCF0-42C3-AC2A-0C7EB1589915}.Release|Any CPU.ActiveCfg = Release|Any CPU
		{8C170F7F-DCF0-42C3-AC2A-0C7EB1589915}.Release|Any CPU.Build.0 = Release|Any CPU
		{B55B0EA1-A844-4D60-B8AD-EA5AA3E9C06A}.Debug|Any CPU.ActiveCfg = Debug|Any CPU
		{B55B0EA1-A844-4D60-B8AD-EA5AA3E9C06A}.Debug|Any CPU.Build.0 = Debug|Any CPU
		{B55B0EA1-A844-4D60-B8AD-EA5AA3E9C06A}.Release|Any CPU.ActiveCfg = Release|Any CPU
		{B55B0EA1-A844-4D60-B8AD-EA5AA3E9C06A}.Release|Any CPU.Build.0 = Release|Any CPU
		{EF59123A-C9E2-4751-8748-E2D3981715CC}.Debug|Any CPU.ActiveCfg = Debug|Any CPU
		{EF59123A-C9E2-4751-8748-E2D3981715CC}.Debug|Any CPU.Build.0 = Debug|Any CPU
		{EF59123A-C9E2-4751-8748-E2D3981715CC}.Release|Any CPU.ActiveCfg = Release|Any CPU
		{EF59123A-C9E2-4751-8748-E2D3981715CC}.Release|Any CPU.Build.0 = Release|Any CPU
		{FD3F5433-DD80-4DE0-B8E6-32D223978DCA}.Debug|Any CPU.ActiveCfg = Debug|Any CPU
		{FD3F5433-DD80-4DE0-B8E6-32D223978DCA}.Debug|Any CPU.Build.0 = Debug|Any CPU
		{FD3F5433-DD80-4DE0-B8E6-32D223978DCA}.Release|Any CPU.ActiveCfg = Release|Any CPU
		{FD3F5433-DD80-4DE0-B8E6-32D223978DCA}.Release|Any CPU.Build.0 = Release|Any CPU
		{0483FEE2-C59C-4326-8BB1-E7376E4651D7}.Debug|Any CPU.ActiveCfg = Debug|Any CPU
		{0483FEE2-C59C-4326-8BB1-E7376E4651D7}.Debug|Any CPU.Build.0 = Debug|Any CPU
		{0483FEE2-C59C-4326-8BB1-E7376E4651D7}.Release|Any CPU.ActiveCfg = Release|Any CPU
		{0483FEE2-C59C-4326-8BB1-E7376E4651D7}.Release|Any CPU.Build.0 = Release|Any CPU
		{A9DADE79-EEB3-43D8-BD40-BF3FA25D72D4}.Debug|Any CPU.ActiveCfg = Debug|Any CPU
		{A9DADE79-EEB3-43D8-BD40-BF3FA25D72D4}.Debug|Any CPU.Build.0 = Debug|Any CPU
		{A9DADE79-EEB3-43D8-BD40-BF3FA25D72D4}.Release|Any CPU.ActiveCfg = Release|Any CPU
		{A9DADE79-EEB3-43D8-BD40-BF3FA25D72D4}.Release|Any CPU.Build.0 = Release|Any CPU
		{78060706-3097-4B34-8881-B0DE5BFBC32B}.Debug|Any CPU.ActiveCfg = Debug|Any CPU
		{78060706-3097-4B34-8881-B0DE5BFBC32B}.Debug|Any CPU.Build.0 = Debug|Any CPU
		{78060706-3097-4B34-8881-B0DE5BFBC32B}.Release|Any CPU.ActiveCfg = Release|Any CPU
		{78060706-3097-4B34-8881-B0DE5BFBC32B}.Release|Any CPU.Build.0 = Release|Any CPU
	EndGlobalSection
	GlobalSection(SolutionProperties) = preSolution
		HideSolutionNode = FALSE
	EndGlobalSection
EndGlobal
