
Microsoft Visual Studio Solution File, Format Version 12.00
# Visual Studio 2012
Project("{FAE04EC0-301F-11D3-BF4B-00C04F79EFBC}") = "MobileDevicesApplication", "01. MobileDevicesApplication\MobileDevicesApplication.csproj", "{E56EF9C8-2FE4-460F-A26C-8117FD6D9C7E}"
EndProject
Project("{FAE04EC0-301F-11D3-BF4B-00C04F79EFBC}") = "MobileApplication.CommonClasses", "MobileApplication.CommonClasses\MobileApplication.CommonClasses.csproj", "{01EDB2F2-3283-436A-89C3-255DBEA6A342}"
EndProject
Global
	GlobalSection(SolutionConfigurationPlatforms) = preSolution
		Debug|Any CPU = Debug|Any CPU
		Release|Any CPU = Release|Any CPU
	EndGlobalSection
	GlobalSection(ProjectConfigurationPlatforms) = postSolution
		{E56EF9C8-2FE4-460F-A26C-8117FD6D9C7E}.Debug|Any CPU.ActiveCfg = Debug|Any CPU
		{E56EF9C8-2FE4-460F-A26C-8117FD6D9C7E}.Debug|Any CPU.Build.0 = Debug|Any CPU
		{E56EF9C8-2FE4-460F-A26C-8117FD6D9C7E}.Release|Any CPU.ActiveCfg = Release|Any CPU
		{E56EF9C8-2FE4-460F-A26C-8117FD6D9C7E}.Release|Any CPU.Build.0 = Release|Any CPU
		{01EDB2F2-3283-436A-89C3-255DBEA6A342}.Debug|Any CPU.ActiveCfg = Debug|Any CPU
		{01EDB2F2-3283-436A-89C3-255DBEA6A342}.Debug|Any CPU.Build.0 = Debug|Any CPU
		{01EDB2F2-3283-436A-89C3-255DBEA6A342}.Release|Any CPU.ActiveCfg = Release|Any CPU
		{01EDB2F2-3283-436A-89C3-255DBEA6A342}.Release|Any CPU.Build.0 = Release|Any CPU
	EndGlobalSection
	GlobalSection(SolutionProperties) = preSolution
		HideSolutionNode = FALSE
	EndGlobalSection
EndGlobal
