
Microsoft Visual Studio Solution File, Format Version 12.00
# Visual Studio 2012
Project("{FAE04EC0-301F-11D3-BF4B-00C04F79EFBC}") = "2. AdvancedFunctions", "2. AdvancedFunctions\2. AdvancedFunctions.csproj", "{CF3B6470-E7AF-4682-A160-9816237C5490}"
EndProject
Global
	GlobalSection(SolutionConfigurationPlatforms) = preSolution
		Debug|Any CPU = Debug|Any CPU
		Release|Any CPU = Release|Any CPU
	EndGlobalSection
	GlobalSection(ProjectConfigurationPlatforms) = postSolution
		{CF3B6470-E7AF-4682-A160-9816237C5490}.Debug|Any CPU.ActiveCfg = Debug|Any CPU
		{CF3B6470-E7AF-4682-A160-9816237C5490}.Debug|Any CPU.Build.0 = Debug|Any CPU
		{CF3B6470-E7AF-4682-A160-9816237C5490}.Release|Any CPU.ActiveCfg = Release|Any CPU
		{CF3B6470-E7AF-4682-A160-9816237C5490}.Release|Any CPU.Build.0 = Release|Any CPU
	EndGlobalSection
	GlobalSection(SolutionProperties) = preSolution
		HideSolutionNode = FALSE
	EndGlobalSection
EndGlobal
