
Microsoft Visual Studio Solution File, Format Version 12.00
# Visual Studio 2012
Project("{FAE04EC0-301F-11D3-BF4B-00C04F79EFBC}") = "01.ConvertingNumsFromDecToBin", "01.ConvertingNumsFromDecToBin\01.ConvertingNumsFromDecToBin.csproj", "{1F9AB381-FC97-45F8-86D3-335FC56E51FA}"
EndProject
Project("{FAE04EC0-301F-11D3-BF4B-00C04F79EFBC}") = "02.ConvertNumsFromBinToDec", "02.ConvertNumsFromBinToDec\02.ConvertNumsFromBinToDec.csproj", "{D35840B8-5718-4E92-B3AB-6C47FB45AB87}"
EndProject
Project("{FAE04EC0-301F-11D3-BF4B-00C04F79EFBC}") = "03.ConvertingNumsFromDecToHex", "03.ConvertingNumsFromDecToHex\03.ConvertingNumsFromDecToHex.csproj", "{CA44C158-909A-4CD9-9C80-794DB2319F9F}"
EndProject
Project("{FAE04EC0-301F-11D3-BF4B-00C04F79EFBC}") = "04.ConvertNumsFromHexToDec", "04.ConvertNumsFromHexToDec\04.ConvertNumsFromHexToDec.csproj", "{5C2496FC-9676-4652-B4E2-86B1E474D434}"
EndProject
Project("{FAE04EC0-301F-11D3-BF4B-00C04F79EFBC}") = "05. ConvertingNumsFromHexToBin", "05. ConvertingNumsFromHexToBin\05. ConvertingNumsFromHexToBin.csproj", "{F947C16F-D52E-4C01-8395-79F437D05651}"
EndProject
Project("{FAE04EC0-301F-11D3-BF4B-00C04F79EFBC}") = "06.ConvertNumsFromBinToHex", "06.ConvertNumsFromBinToHex\06.ConvertNumsFromBinToHex.csproj", "{27323084-CF47-4E57-AD60-4587C92064C4}"
EndProject
Project("{FAE04EC0-301F-11D3-BF4B-00C04F79EFBC}") = "07.Convertor", "07.Convertor\07.Convertor.csproj", "{259C0D5C-3475-4194-816E-DDA9D4F61613}"
EndProject
Project("{FAE04EC0-301F-11D3-BF4B-00C04F79EFBC}") = "08.RepresentingShortAsBin", "08.RepresentingShortAsBin\08.RepresentingShortAsBin.csproj", "{C25BD270-A988-442C-AC18-988122422CCE}"
EndProject
Global
	GlobalSection(SolutionConfigurationPlatforms) = preSolution
		Debug|Any CPU = Debug|Any CPU
		Release|Any CPU = Release|Any CPU
	EndGlobalSection
	GlobalSection(ProjectConfigurationPlatforms) = postSolution
		{1F9AB381-FC97-45F8-86D3-335FC56E51FA}.Debug|Any CPU.ActiveCfg = Debug|Any CPU
		{1F9AB381-FC97-45F8-86D3-335FC56E51FA}.Debug|Any CPU.Build.0 = Debug|Any CPU
		{1F9AB381-FC97-45F8-86D3-335FC56E51FA}.Release|Any CPU.ActiveCfg = Release|Any CPU
		{1F9AB381-FC97-45F8-86D3-335FC56E51FA}.Release|Any CPU.Build.0 = Release|Any CPU
		{D35840B8-5718-4E92-B3AB-6C47FB45AB87}.Debug|Any CPU.ActiveCfg = Debug|Any CPU
		{D35840B8-5718-4E92-B3AB-6C47FB45AB87}.Debug|Any CPU.Build.0 = Debug|Any CPU
		{D35840B8-5718-4E92-B3AB-6C47FB45AB87}.Release|Any CPU.ActiveCfg = Release|Any CPU
		{D35840B8-5718-4E92-B3AB-6C47FB45AB87}.Release|Any CPU.Build.0 = Release|Any CPU
		{CA44C158-909A-4CD9-9C80-794DB2319F9F}.Debug|Any CPU.ActiveCfg = Debug|Any CPU
		{CA44C158-909A-4CD9-9C80-794DB2319F9F}.Debug|Any CPU.Build.0 = Debug|Any CPU
		{CA44C158-909A-4CD9-9C80-794DB2319F9F}.Release|Any CPU.ActiveCfg = Release|Any CPU
		{CA44C158-909A-4CD9-9C80-794DB2319F9F}.Release|Any CPU.Build.0 = Release|Any CPU
		{5C2496FC-9676-4652-B4E2-86B1E474D434}.Debug|Any CPU.ActiveCfg = Debug|Any CPU
		{5C2496FC-9676-4652-B4E2-86B1E474D434}.Debug|Any CPU.Build.0 = Debug|Any CPU
		{5C2496FC-9676-4652-B4E2-86B1E474D434}.Release|Any CPU.ActiveCfg = Release|Any CPU
		{5C2496FC-9676-4652-B4E2-86B1E474D434}.Release|Any CPU.Build.0 = Release|Any CPU
		{F947C16F-D52E-4C01-8395-79F437D05651}.Debug|Any CPU.ActiveCfg = Debug|Any CPU
		{F947C16F-D52E-4C01-8395-79F437D05651}.Debug|Any CPU.Build.0 = Debug|Any CPU
		{F947C16F-D52E-4C01-8395-79F437D05651}.Release|Any CPU.ActiveCfg = Release|Any CPU
		{F947C16F-D52E-4C01-8395-79F437D05651}.Release|Any CPU.Build.0 = Release|Any CPU
		{27323084-CF47-4E57-AD60-4587C92064C4}.Debug|Any CPU.ActiveCfg = Debug|Any CPU
		{27323084-CF47-4E57-AD60-4587C92064C4}.Debug|Any CPU.Build.0 = Debug|Any CPU
		{27323084-CF47-4E57-AD60-4587C92064C4}.Release|Any CPU.ActiveCfg = Release|Any CPU
		{27323084-CF47-4E57-AD60-4587C92064C4}.Release|Any CPU.Build.0 = Release|Any CPU
		{259C0D5C-3475-4194-816E-DDA9D4F61613}.Debug|Any CPU.ActiveCfg = Debug|Any CPU
		{259C0D5C-3475-4194-816E-DDA9D4F61613}.Debug|Any CPU.Build.0 = Debug|Any CPU
		{259C0D5C-3475-4194-816E-DDA9D4F61613}.Release|Any CPU.ActiveCfg = Release|Any CPU
		{259C0D5C-3475-4194-816E-DDA9D4F61613}.Release|Any CPU.Build.0 = Release|Any CPU
		{C25BD270-A988-442C-AC18-988122422CCE}.Debug|Any CPU.ActiveCfg = Debug|Any CPU
		{C25BD270-A988-442C-AC18-988122422CCE}.Debug|Any CPU.Build.0 = Debug|Any CPU
		{C25BD270-A988-442C-AC18-988122422CCE}.Release|Any CPU.ActiveCfg = Release|Any CPU
		{C25BD270-A988-442C-AC18-988122422CCE}.Release|Any CPU.Build.0 = Release|Any CPU
	EndGlobalSection
	GlobalSection(SolutionProperties) = preSolution
		HideSolutionNode = FALSE
	EndGlobalSection
EndGlobal
