
Microsoft Visual Studio Solution File, Format Version 12.00
# Visual Studio 2012
Project("{FAE04EC0-301F-11D3-BF4B-00C04F79EFBC}") = "01. CountingOfOccurenceOfNumbers", "01. CountingOfOccurenceOfNumbers\01. CountingOfOccurenceOfNumbers.csproj", "{F66FF957-BBD4-4B7D-B516-38C1F1A32DBC}"
EndProject
Project("{FAE04EC0-301F-11D3-BF4B-00C04F79EFBC}") = "02. ExtractingOddOccuringElements", "02. ExtractingOddOccuringElements\02. ExtractingOddOccuringElements.csproj", "{DFC69C24-585B-43A6-B0DA-DB312F2F85AE}"
EndProject
Project("{FAE04EC0-301F-11D3-BF4B-00C04F79EFBC}") = "03. CountingOccurenceOfWords", "03. CountingOccurenceOfWords\03. CountingOccurenceOfWords.csproj", "{EF77196C-7C08-431F-8CA7-2A9E4E2208D1}"
EndProject
Project("{FAE04EC0-301F-11D3-BF4B-00C04F79EFBC}") = "04. ImplementingHashTable", "04. ImplementingHashTable\04. ImplementingHashTable.csproj", "{1F51D08A-AF22-49B8-863D-DE1485E205F4}"
EndProject
Project("{FAE04EC0-301F-11D3-BF4B-00C04F79EFBC}") = "05. ImplementingSet", "05. ImplementingSet\05. ImplementingSet.csproj", "{3E6920E3-2D20-4BF1-B455-E33AA8AA794B}"
EndProject
Global
	GlobalSection(SolutionConfigurationPlatforms) = preSolution
		Debug|Any CPU = Debug|Any CPU
		Release|Any CPU = Release|Any CPU
	EndGlobalSection
	GlobalSection(ProjectConfigurationPlatforms) = postSolution
		{F66FF957-BBD4-4B7D-B516-38C1F1A32DBC}.Debug|Any CPU.ActiveCfg = Debug|Any CPU
		{F66FF957-BBD4-4B7D-B516-38C1F1A32DBC}.Debug|Any CPU.Build.0 = Debug|Any CPU
		{F66FF957-BBD4-4B7D-B516-38C1F1A32DBC}.Release|Any CPU.ActiveCfg = Release|Any CPU
		{F66FF957-BBD4-4B7D-B516-38C1F1A32DBC}.Release|Any CPU.Build.0 = Release|Any CPU
		{DFC69C24-585B-43A6-B0DA-DB312F2F85AE}.Debug|Any CPU.ActiveCfg = Debug|Any CPU
		{DFC69C24-585B-43A6-B0DA-DB312F2F85AE}.Debug|Any CPU.Build.0 = Debug|Any CPU
		{DFC69C24-585B-43A6-B0DA-DB312F2F85AE}.Release|Any CPU.ActiveCfg = Release|Any CPU
		{DFC69C24-585B-43A6-B0DA-DB312F2F85AE}.Release|Any CPU.Build.0 = Release|Any CPU
		{EF77196C-7C08-431F-8CA7-2A9E4E2208D1}.Debug|Any CPU.ActiveCfg = Debug|Any CPU
		{EF77196C-7C08-431F-8CA7-2A9E4E2208D1}.Debug|Any CPU.Build.0 = Debug|Any CPU
		{EF77196C-7C08-431F-8CA7-2A9E4E2208D1}.Release|Any CPU.ActiveCfg = Release|Any CPU
		{EF77196C-7C08-431F-8CA7-2A9E4E2208D1}.Release|Any CPU.Build.0 = Release|Any CPU
		{1F51D08A-AF22-49B8-863D-DE1485E205F4}.Debug|Any CPU.ActiveCfg = Debug|Any CPU
		{1F51D08A-AF22-49B8-863D-DE1485E205F4}.Debug|Any CPU.Build.0 = Debug|Any CPU
		{1F51D08A-AF22-49B8-863D-DE1485E205F4}.Release|Any CPU.ActiveCfg = Release|Any CPU
		{1F51D08A-AF22-49B8-863D-DE1485E205F4}.Release|Any CPU.Build.0 = Release|Any CPU
		{3E6920E3-2D20-4BF1-B455-E33AA8AA794B}.Debug|Any CPU.ActiveCfg = Debug|Any CPU
		{3E6920E3-2D20-4BF1-B455-E33AA8AA794B}.Debug|Any CPU.Build.0 = Debug|Any CPU
		{3E6920E3-2D20-4BF1-B455-E33AA8AA794B}.Release|Any CPU.ActiveCfg = Release|Any CPU
		{3E6920E3-2D20-4BF1-B455-E33AA8AA794B}.Release|Any CPU.Build.0 = Release|Any CPU
	EndGlobalSection
	GlobalSection(SolutionProperties) = preSolution
		HideSolutionNode = FALSE
	EndGlobalSection
EndGlobal
