
Microsoft Visual Studio Solution File, Format Version 12.00
# Visual Studio 2012
Project("{FAE04EC0-301F-11D3-BF4B-00C04F79EFBC}") = "01. ExtensionMethodSubstring", "01. ExtensionMethodSubstring\01. ExtensionMethodSubstring.csproj", "{11417205-84C4-4B10-B9B3-7ED0A1C32503}"
EndProject
Project("{FAE04EC0-301F-11D3-BF4B-00C04F79EFBC}") = "02.ExtensionMethodsForIEnumerable", "02.ExtensionMethodsForIEnumerable\02.ExtensionMethodsForIEnumerable.csproj", "{3EDFFE89-79DA-46AA-9DE2-417113D61168}"
EndProject
Project("{FAE04EC0-301F-11D3-BF4B-00C04F79EFBC}") = "03. FindingStudentsBasedOnName", "03. FindingStudentsBasedOnName\03. FindingStudentsBasedOnName.csproj", "{9C1DDFB7-73E1-4363-8B58-CC1AE9B70204}"
EndProject
Project("{FAE04EC0-301F-11D3-BF4B-00C04F79EFBC}") = "04. FindingStudentsBasedOnAge", "04. FindingStudentsBasedOnAge\04. FindingStudentsBasedOnAge.csproj", "{0EB56D3D-67CA-4D8B-B989-AB236BCC6582}"
EndProject
Project("{FAE04EC0-301F-11D3-BF4B-00C04F79EFBC}") = "ExtensionMethod.CommonClasses", "ExtensionMethod.CommonClasses\ExtensionMethod.CommonClasses.csproj", "{9B91597D-8121-4B0B-8147-EE4C0CD74803}"
EndProject
Project("{FAE04EC0-301F-11D3-BF4B-00C04F79EFBC}") = "05.ExtensionMethodsForOrdering", "05.ExtensionMethodsForOrdering\05.ExtensionMethodsForOrdering.csproj", "{F363B26B-DED2-4F08-B193-936F104BE09C}"
EndProject
Project("{FAE04EC0-301F-11D3-BF4B-00C04F79EFBC}") = "06.PrintingNumbersFromArray", "06.PrintingNumbersFromArray\06.PrintingNumbersFromArray.csproj", "{99BA8DAA-3E35-4F2F-AC5C-C614B4859E6C}"
EndProject
Project("{FAE04EC0-301F-11D3-BF4B-00C04F79EFBC}") = "07.UsingDelegates", "07.CreatingTimer\07.UsingDelegates.csproj", "{A83519D9-524B-4848-A5DE-82E6BECD2A64}"
EndProject
Global
	GlobalSection(TeamFoundationVersionControl) = preSolution
		SccNumberOfProjects = 9
		SccEnterpriseProvider = {4CA58AB2-18FA-4F8D-95D4-32DDF27D184C}
		SccTeamFoundationServer = https://tfs.codeplex.com/tfs/tfs17
		SccLocalPath0 = .
		SccProjectUniqueName1 = 01.\u0020ExtensionMethodSubstring\\01.\u0020ExtensionMethodSubstring.csproj
		SccProjectName1 = 01.\u0020ExtensionMethodSubstring
		SccLocalPath1 = 01.\u0020ExtensionMethodSubstring
		SccProjectUniqueName2 = 02.ExtensionMethodsForIEnumerable\\02.ExtensionMethodsForIEnumerable.csproj
		SccProjectName2 = 02.ExtensionMethodsForIEnumerable
		SccLocalPath2 = 02.ExtensionMethodsForIEnumerable
		SccProjectUniqueName3 = 03.\u0020FindingStudentsBasedOnName\\03.\u0020FindingStudentsBasedOnName.csproj
		SccProjectName3 = 03.\u0020FindingStudentsBasedOnName
		SccLocalPath3 = 03.\u0020FindingStudentsBasedOnName
		SccProjectUniqueName4 = 04.\u0020FindingStudentsBasedOnAge\\04.\u0020FindingStudentsBasedOnAge.csproj
		SccProjectName4 = 04.\u0020FindingStudentsBasedOnAge
		SccLocalPath4 = 04.\u0020FindingStudentsBasedOnAge
		SccProjectUniqueName5 = 05.ExtensionMethodsForOrdering\\05.ExtensionMethodsForOrdering.csproj
		SccProjectName5 = 05.ExtensionMethodsForOrdering
		SccLocalPath5 = 05.ExtensionMethodsForOrdering
		SccProjectUniqueName6 = 06.PrintingNumbersFromArray\\06.PrintingNumbersFromArray.csproj
		SccProjectName6 = 06.PrintingNumbersFromArray
		SccLocalPath6 = 06.PrintingNumbersFromArray
		SccProjectUniqueName7 = 07.CreatingTimer\\07.UsingDelegates.csproj
		SccProjectName7 = 07.CreatingTimer
		SccLocalPath7 = 07.CreatingTimer
		SccProjectUniqueName8 = ExtensionMethod.CommonClasses\\ExtensionMethod.CommonClasses.csproj
		SccProjectName8 = ExtensionMethod.CommonClasses
		SccLocalPath8 = ExtensionMethod.CommonClasses
	EndGlobalSection
	GlobalSection(SolutionConfigurationPlatforms) = preSolution
		Debug|Any CPU = Debug|Any CPU
		Release|Any CPU = Release|Any CPU
	EndGlobalSection
	GlobalSection(ProjectConfigurationPlatforms) = postSolution
		{11417205-84C4-4B10-B9B3-7ED0A1C32503}.Debug|Any CPU.ActiveCfg = Debug|Any CPU
		{11417205-84C4-4B10-B9B3-7ED0A1C32503}.Debug|Any CPU.Build.0 = Debug|Any CPU
		{11417205-84C4-4B10-B9B3-7ED0A1C32503}.Release|Any CPU.ActiveCfg = Release|Any CPU
		{11417205-84C4-4B10-B9B3-7ED0A1C32503}.Release|Any CPU.Build.0 = Release|Any CPU
		{3EDFFE89-79DA-46AA-9DE2-417113D61168}.Debug|Any CPU.ActiveCfg = Debug|Any CPU
		{3EDFFE89-79DA-46AA-9DE2-417113D61168}.Debug|Any CPU.Build.0 = Debug|Any CPU
		{3EDFFE89-79DA-46AA-9DE2-417113D61168}.Release|Any CPU.ActiveCfg = Release|Any CPU
		{3EDFFE89-79DA-46AA-9DE2-417113D61168}.Release|Any CPU.Build.0 = Release|Any CPU
		{9C1DDFB7-73E1-4363-8B58-CC1AE9B70204}.Debug|Any CPU.ActiveCfg = Debug|Any CPU
		{9C1DDFB7-73E1-4363-8B58-CC1AE9B70204}.Debug|Any CPU.Build.0 = Debug|Any CPU
		{9C1DDFB7-73E1-4363-8B58-CC1AE9B70204}.Release|Any CPU.ActiveCfg = Release|Any CPU
		{9C1DDFB7-73E1-4363-8B58-CC1AE9B70204}.Release|Any CPU.Build.0 = Release|Any CPU
		{0EB56D3D-67CA-4D8B-B989-AB236BCC6582}.Debug|Any CPU.ActiveCfg = Debug|Any CPU
		{0EB56D3D-67CA-4D8B-B989-AB236BCC6582}.Debug|Any CPU.Build.0 = Debug|Any CPU
		{0EB56D3D-67CA-4D8B-B989-AB236BCC6582}.Release|Any CPU.ActiveCfg = Release|Any CPU
		{0EB56D3D-67CA-4D8B-B989-AB236BCC6582}.Release|Any CPU.Build.0 = Release|Any CPU
		{9B91597D-8121-4B0B-8147-EE4C0CD74803}.Debug|Any CPU.ActiveCfg = Debug|Any CPU
		{9B91597D-8121-4B0B-8147-EE4C0CD74803}.Debug|Any CPU.Build.0 = Debug|Any CPU
		{9B91597D-8121-4B0B-8147-EE4C0CD74803}.Release|Any CPU.ActiveCfg = Release|Any CPU
		{9B91597D-8121-4B0B-8147-EE4C0CD74803}.Release|Any CPU.Build.0 = Release|Any CPU
		{F363B26B-DED2-4F08-B193-936F104BE09C}.Debug|Any CPU.ActiveCfg = Debug|Any CPU
		{F363B26B-DED2-4F08-B193-936F104BE09C}.Debug|Any CPU.Build.0 = Debug|Any CPU
		{F363B26B-DED2-4F08-B193-936F104BE09C}.Release|Any CPU.ActiveCfg = Release|Any CPU
		{F363B26B-DED2-4F08-B193-936F104BE09C}.Release|Any CPU.Build.0 = Release|Any CPU
		{99BA8DAA-3E35-4F2F-AC5C-C614B4859E6C}.Debug|Any CPU.ActiveCfg = Debug|Any CPU
		{99BA8DAA-3E35-4F2F-AC5C-C614B4859E6C}.Debug|Any CPU.Build.0 = Debug|Any CPU
		{99BA8DAA-3E35-4F2F-AC5C-C614B4859E6C}.Release|Any CPU.ActiveCfg = Release|Any CPU
		{99BA8DAA-3E35-4F2F-AC5C-C614B4859E6C}.Release|Any CPU.Build.0 = Release|Any CPU
		{A83519D9-524B-4848-A5DE-82E6BECD2A64}.Debug|Any CPU.ActiveCfg = Debug|Any CPU
		{A83519D9-524B-4848-A5DE-82E6BECD2A64}.Debug|Any CPU.Build.0 = Debug|Any CPU
		{A83519D9-524B-4848-A5DE-82E6BECD2A64}.Release|Any CPU.ActiveCfg = Release|Any CPU
		{A83519D9-524B-4848-A5DE-82E6BECD2A64}.Release|Any CPU.Build.0 = Release|Any CPU
	EndGlobalSection
	GlobalSection(SolutionProperties) = preSolution
		HideSolutionNode = FALSE
	EndGlobalSection
EndGlobal
