
Microsoft Visual Studio Solution File, Format Version 12.00
# Visual Studio 2012
Project("{FAE04EC0-301F-11D3-BF4B-00C04F79EFBC}") = "01. StudentRepresentation", "01. StudentRepresentation\01. StudentRepresentation.csproj", "{47AAB760-49E9-4899-BA2B-5E5B0D7CA110}"
EndProject
Project("{FAE04EC0-301F-11D3-BF4B-00C04F79EFBC}") = "04.PersonRepresentation", "02.PersonRepresentation\04.PersonRepresentation.csproj", "{F40AAE91-D2BD-4195-9A80-3B37BCD3C90E}"
EndProject
Project("{FAE04EC0-301F-11D3-BF4B-00C04F79EFBC}") = "05. BitArray64Example", "5. BitArray64Example\05. BitArray64Example.csproj", "{FFC513AB-3A49-44F7-92DF-8A0695C7BCF2}"
EndProject
Global
	GlobalSection(SolutionConfigurationPlatforms) = preSolution
		Debug|Any CPU = Debug|Any CPU
		Release|Any CPU = Release|Any CPU
	EndGlobalSection
	GlobalSection(ProjectConfigurationPlatforms) = postSolution
		{47AAB760-49E9-4899-BA2B-5E5B0D7CA110}.Debug|Any CPU.ActiveCfg = Debug|Any CPU
		{47AAB760-49E9-4899-BA2B-5E5B0D7CA110}.Debug|Any CPU.Build.0 = Debug|Any CPU
		{47AAB760-49E9-4899-BA2B-5E5B0D7CA110}.Release|Any CPU.ActiveCfg = Release|Any CPU
		{47AAB760-49E9-4899-BA2B-5E5B0D7CA110}.Release|Any CPU.Build.0 = Release|Any CPU
		{F40AAE91-D2BD-4195-9A80-3B37BCD3C90E}.Debug|Any CPU.ActiveCfg = Debug|Any CPU
		{F40AAE91-D2BD-4195-9A80-3B37BCD3C90E}.Debug|Any CPU.Build.0 = Debug|Any CPU
		{F40AAE91-D2BD-4195-9A80-3B37BCD3C90E}.Release|Any CPU.ActiveCfg = Release|Any CPU
		{F40AAE91-D2BD-4195-9A80-3B37BCD3C90E}.Release|Any CPU.Build.0 = Release|Any CPU
		{FFC513AB-3A49-44F7-92DF-8A0695C7BCF2}.Debug|Any CPU.ActiveCfg = Debug|Any CPU
		{FFC513AB-3A49-44F7-92DF-8A0695C7BCF2}.Debug|Any CPU.Build.0 = Debug|Any CPU
		{FFC513AB-3A49-44F7-92DF-8A0695C7BCF2}.Release|Any CPU.ActiveCfg = Release|Any CPU
		{FFC513AB-3A49-44F7-92DF-8A0695C7BCF2}.Release|Any CPU.Build.0 = Release|Any CPU
	EndGlobalSection
	GlobalSection(SolutionProperties) = preSolution
		HideSolutionNode = FALSE
	EndGlobalSection
EndGlobal
